// !$*UTF8*$!
{
	archiveVersion = 1;
	classes = {
	};
	objectVersion = 55;
	objects = {

/* Begin PBXBuildFile section */
		141A43FA28BF324600FA094A /* OrderDetailScreen.swift in Sources */ = {isa = PBXBuildFile; fileRef = 141A43F928BF324600FA094A /* OrderDetailScreen.swift */; };
		141A43FC28BF475200FA094A /* CompleteOrderScreen.swift in Sources */ = {isa = PBXBuildFile; fileRef = 141A43FB28BF475200FA094A /* CompleteOrderScreen.swift */; };
		141A43FE28BF5CE100FA094A /* TechnicianCard.swift in Sources */ = {isa = PBXBuildFile; fileRef = 141A43FD28BF5CE100FA094A /* TechnicianCard.swift */; };
		141A440128BF76B800FA094A /* TechnicianDetail.swift in Sources */ = {isa = PBXBuildFile; fileRef = 141A440028BF76B800FA094A /* TechnicianDetail.swift */; };
		141B6D0E28C082E500EA7479 /* ConnectCard.swift in Sources */ = {isa = PBXBuildFile; fileRef = 141B6D0D28C082E500EA7479 /* ConnectCard.swift */; };
		141B6D1028C08C9200EA7479 /* UserAgreementScreen.swift in Sources */ = {isa = PBXBuildFile; fileRef = 141B6D0F28C08C9200EA7479 /* UserAgreementScreen.swift */; };
		141B6D1228C08DBF00EA7479 /* AgreementCard.swift in Sources */ = {isa = PBXBuildFile; fileRef = 141B6D1128C08DBF00EA7479 /* AgreementCard.swift */; };
		141B6D1428C08FFD00EA7479 /* Profile.swift in Sources */ = {isa = PBXBuildFile; fileRef = 141B6D1328C08FFD00EA7479 /* Profile.swift */; };
		141B6D1628C09A4300EA7479 /* MyPointScreen.swift in Sources */ = {isa = PBXBuildFile; fileRef = 141B6D1528C09A4300EA7479 /* MyPointScreen.swift */; };
		141B6D1928C0A41700EA7479 /* PointCard.swift in Sources */ = {isa = PBXBuildFile; fileRef = 141B6D1828C0A41700EA7479 /* PointCard.swift */; };
		141B6D1B28C0DE5600EA7479 /* CreateOrder.swift in Sources */ = {isa = PBXBuildFile; fileRef = 141B6D1A28C0DE5600EA7479 /* CreateOrder.swift */; };
		141B6D1D28C1240E00EA7479 /* Rating.swift in Sources */ = {isa = PBXBuildFile; fileRef = 141B6D1C28C1240E00EA7479 /* Rating.swift */; };
		143D351A28D5BBA400946FDD /* profileBody.swift in Sources */ = {isa = PBXBuildFile; fileRef = 143D351928D5BBA400946FDD /* profileBody.swift */; };
		143D351C28D841BA00946FDD /* Services.swift in Sources */ = {isa = PBXBuildFile; fileRef = 143D351B28D841BA00946FDD /* Services.swift */; };
		143D351E28D8CCD200946FDD /* ServiceManager.swift in Sources */ = {isa = PBXBuildFile; fileRef = 143D351D28D8CCD200946FDD /* ServiceManager.swift */; };
		143D352028D8D56C00946FDD /* CreateOrderBody.swift in Sources */ = {isa = PBXBuildFile; fileRef = 143D351F28D8D56C00946FDD /* CreateOrderBody.swift */; };
		143D352728DE60E900946FDD /* MapView.swift in Sources */ = {isa = PBXBuildFile; fileRef = 143D352428DE60E900946FDD /* MapView.swift */; };
		143D352828DE60E900946FDD /* MapViewControllerBridge.swift in Sources */ = {isa = PBXBuildFile; fileRef = 143D352528DE60E900946FDD /* MapViewControllerBridge.swift */; };
		143D352928DE60E900946FDD /* MapViewController.swift in Sources */ = {isa = PBXBuildFile; fileRef = 143D352628DE60E900946FDD /* MapViewController.swift */; };
		143D352B28DE646200946FDD /* OrderLocation.swift in Sources */ = {isa = PBXBuildFile; fileRef = 143D352A28DE646200946FDD /* OrderLocation.swift */; };
		143D352D28DE663700946FDD /* LocationService.swift in Sources */ = {isa = PBXBuildFile; fileRef = 143D352C28DE663700946FDD /* LocationService.swift */; };
		144635C328C25CDD00311865 /* OfferScreen.swift in Sources */ = {isa = PBXBuildFile; fileRef = 144635C228C25CDD00311865 /* OfferScreen.swift */; };
		144635C528C25D8400311865 /* OffersCard.swift in Sources */ = {isa = PBXBuildFile; fileRef = 144635C428C25D8400311865 /* OffersCard.swift */; };
		144635C728C266C800311865 /* FavTechnicianCard.swift in Sources */ = {isa = PBXBuildFile; fileRef = 144635C628C266C800311865 /* FavTechnicianCard.swift */; };
		144635C928C2692000311865 /* FavTechnicianScreen.swift in Sources */ = {isa = PBXBuildFile; fileRef = 144635C828C2692000311865 /* FavTechnicianScreen.swift */; };
		144635CC28C26CD800311865 /* BusinessSectorScreen.swift in Sources */ = {isa = PBXBuildFile; fileRef = 144635CB28C26CD800311865 /* BusinessSectorScreen.swift */; };
		144635CE28C32C7B00311865 /* EngiDesignScreen.swift in Sources */ = {isa = PBXBuildFile; fileRef = 144635CD28C32C7B00311865 /* EngiDesignScreen.swift */; };
		144635D028C32CDA00311865 /* EngConstruction.swift in Sources */ = {isa = PBXBuildFile; fileRef = 144635CF28C32CDA00311865 /* EngConstruction.swift */; };
		144635D228C32D0C00311865 /* MaintainanceScreen.swift in Sources */ = {isa = PBXBuildFile; fileRef = 144635D128C32D0C00311865 /* MaintainanceScreen.swift */; };
		144635D428C3AE7E00311865 /* ChooseOnMapScreen.swift in Sources */ = {isa = PBXBuildFile; fileRef = 144635D328C3AE7E00311865 /* ChooseOnMapScreen.swift */; };
		144635D628C3CADF00311865 /* RegisterPasswordScreen.swift in Sources */ = {isa = PBXBuildFile; fileRef = 144635D528C3CADF00311865 /* RegisterPasswordScreen.swift */; };
		144635DA28C3D1B200311865 /* TechnicianDashboard.swift in Sources */ = {isa = PBXBuildFile; fileRef = 144635D928C3D1B200311865 /* TechnicianDashboard.swift */; };
		144635DC28C3D36500311865 /* TechOrderCard.swift in Sources */ = {isa = PBXBuildFile; fileRef = 144635DB28C3D36500311865 /* TechOrderCard.swift */; };
		144635DE28C3DCCF00311865 /* BottomNavTechnician.swift in Sources */ = {isa = PBXBuildFile; fileRef = 144635DD28C3DCCF00311865 /* BottomNavTechnician.swift */; };
		144635E028C4795100311865 /* NotificationCrd.swift in Sources */ = {isa = PBXBuildFile; fileRef = 144635DF28C4795100311865 /* NotificationCrd.swift */; };
		144635E228C4806900311865 /* NotificationScreen.swift in Sources */ = {isa = PBXBuildFile; fileRef = 144635E128C4806900311865 /* NotificationScreen.swift */; };
		144635E428C486C500311865 /* OrderDashboardScreen.swift in Sources */ = {isa = PBXBuildFile; fileRef = 144635E328C486C500311865 /* OrderDashboardScreen.swift */; };
		144635E628C4898300311865 /* TechOrderDetailCard.swift in Sources */ = {isa = PBXBuildFile; fileRef = 144635E528C4898300311865 /* TechOrderDetailCard.swift */; };
		144635E928C4957600311865 /* NewOrderDetailScreen.swift in Sources */ = {isa = PBXBuildFile; fileRef = 144635E828C4957600311865 /* NewOrderDetailScreen.swift */; };
		144635EB28C4965D00311865 /* OrderNumCard.swift in Sources */ = {isa = PBXBuildFile; fileRef = 144635EA28C4965D00311865 /* OrderNumCard.swift */; };
		145C298128B41FB200A317DC /* KhebraApp.swift in Sources */ = {isa = PBXBuildFile; fileRef = 145C298028B41FB200A317DC /* KhebraApp.swift */; };
		145C298328B41FB200A317DC /* ContentView.swift in Sources */ = {isa = PBXBuildFile; fileRef = 145C298228B41FB200A317DC /* ContentView.swift */; };
		145C298528B41FB500A317DC /* Assets.xcassets in Resources */ = {isa = PBXBuildFile; fileRef = 145C298428B41FB500A317DC /* Assets.xcassets */; };
		145C298828B41FB500A317DC /* Preview Assets.xcassets in Resources */ = {isa = PBXBuildFile; fileRef = 145C298728B41FB500A317DC /* Preview Assets.xcassets */; };
		145C299228B41FB600A317DC /* KhebraTests.swift in Sources */ = {isa = PBXBuildFile; fileRef = 145C299128B41FB600A317DC /* KhebraTests.swift */; };
		145C299C28B41FB600A317DC /* KhebraUITests.swift in Sources */ = {isa = PBXBuildFile; fileRef = 145C299B28B41FB600A317DC /* KhebraUITests.swift */; };
		145C299E28B41FB600A317DC /* KhebraUITestsLaunchTests.swift in Sources */ = {isa = PBXBuildFile; fileRef = 145C299D28B41FB600A317DC /* KhebraUITestsLaunchTests.swift */; };
		145C29AF28B4241C00A317DC /* ViewRouter.swift in Sources */ = {isa = PBXBuildFile; fileRef = 145C29AE28B4241C00A317DC /* ViewRouter.swift */; };
		145C29B228B4248800A317DC /* SplashScreen.swift in Sources */ = {isa = PBXBuildFile; fileRef = 145C29B128B4248800A317DC /* SplashScreen.swift */; };
		145C746228BFF8FA003E7164 /* SocialCard.swift in Sources */ = {isa = PBXBuildFile; fileRef = 145C746128BFF8FA003E7164 /* SocialCard.swift */; };
		145C746428BFFC28003E7164 /* ShareApp.swift in Sources */ = {isa = PBXBuildFile; fileRef = 145C746328BFFC27003E7164 /* ShareApp.swift */; };
		145C746628C0005A003E7164 /* ConnectScreen.swift in Sources */ = {isa = PBXBuildFile; fileRef = 145C746528C0005A003E7164 /* ConnectScreen.swift */; };
		149033C628C4E0B900FC0264 /* OrderButton.swift in Sources */ = {isa = PBXBuildFile; fileRef = 149033C528C4E0B900FC0264 /* OrderButton.swift */; };
		149033C828C4E31F00FC0264 /* IncomingOrderScreen.swift in Sources */ = {isa = PBXBuildFile; fileRef = 149033C728C4E31F00FC0264 /* IncomingOrderScreen.swift */; };
		149033CA28C4F40C00FC0264 /* DeferredOrderScreen.swift in Sources */ = {isa = PBXBuildFile; fileRef = 149033C928C4F40C00FC0264 /* DeferredOrderScreen.swift */; };
		149033CC28C4F64400FC0264 /* CompletedOrderScreen.swift in Sources */ = {isa = PBXBuildFile; fileRef = 149033CB28C4F64400FC0264 /* CompletedOrderScreen.swift */; };
		149033CE28C4FD0200FC0264 /* InvoiceDetailScreen.swift in Sources */ = {isa = PBXBuildFile; fileRef = 149033CD28C4FD0200FC0264 /* InvoiceDetailScreen.swift */; };
		149033D028C4FE2C00FC0264 /* InvoiceTextField.swift in Sources */ = {isa = PBXBuildFile; fileRef = 149033CF28C4FE2C00FC0264 /* InvoiceTextField.swift */; };
		149033D528C50DB300FC0264 /* TechMoreScreen.swift in Sources */ = {isa = PBXBuildFile; fileRef = 149033D428C50DB300FC0264 /* TechMoreScreen.swift */; };
		149033D728C53D5C00FC0264 /* IncomeScreen.swift in Sources */ = {isa = PBXBuildFile; fileRef = 149033D628C53D5C00FC0264 /* IncomeScreen.swift */; };
		14AEB9B928C64E6D006688BD /* HowToUseScreen.swift in Sources */ = {isa = PBXBuildFile; fileRef = 14AEB9B828C64E6D006688BD /* HowToUseScreen.swift */; };
		14AEB9BD28C651F1006688BD /* TechProfileScreen.swift in Sources */ = {isa = PBXBuildFile; fileRef = 14AEB9BC28C651F1006688BD /* TechProfileScreen.swift */; };
		14AEB9BF28C65756006688BD /* SettingScreen.swift in Sources */ = {isa = PBXBuildFile; fileRef = 14AEB9BE28C65756006688BD /* SettingScreen.swift */; };
		14AEB9C128C6839D006688BD /* IncentivePenaltyScreen.swift in Sources */ = {isa = PBXBuildFile; fileRef = 14AEB9C028C6839D006688BD /* IncentivePenaltyScreen.swift */; };
		14AEB9C328C68B24006688BD /* RatingFactorScreen.swift in Sources */ = {isa = PBXBuildFile; fileRef = 14AEB9C228C68B23006688BD /* RatingFactorScreen.swift */; };
		14AEB9C528C72007006688BD /* InvoiceScreen.swift in Sources */ = {isa = PBXBuildFile; fileRef = 14AEB9C428C72007006688BD /* InvoiceScreen.swift */; };
		14AEB9C728C8A4FF006688BD /* NewInvoiceScreen.swift in Sources */ = {isa = PBXBuildFile; fileRef = 14AEB9C628C8A4FF006688BD /* NewInvoiceScreen.swift */; };
		14C85D7128BD4E8A0019066A /* LoginScreen.swift in Sources */ = {isa = PBXBuildFile; fileRef = 14C85D7028BD4E8A0019066A /* LoginScreen.swift */; };
		14C85D7428BD5DC20019066A /* STCRegular.ttf in Resources */ = {isa = PBXBuildFile; fileRef = 14C85D7328BD5DC20019066A /* STCRegular.ttf */; };
		14C85D7628BD5DD30019066A /* STC Bold.ttf in Resources */ = {isa = PBXBuildFile; fileRef = 14C85D7528BD5DD30019066A /* STC Bold.ttf */; };
		14C85D7C28BD622F0019066A /* LoginTextField.swift in Sources */ = {isa = PBXBuildFile; fileRef = 14C85D7B28BD622F0019066A /* LoginTextField.swift */; };
		14C85D7F28BDE22E0019066A /* CustomButton.swift in Sources */ = {isa = PBXBuildFile; fileRef = 14C85D7E28BDE22E0019066A /* CustomButton.swift */; };
		14C85D8128BDF01D0019066A /* SignUpScreen.swift in Sources */ = {isa = PBXBuildFile; fileRef = 14C85D8028BDF01D0019066A /* SignUpScreen.swift */; };
		14C85D8328BDF1780019066A /* VerificationScreen.swift in Sources */ = {isa = PBXBuildFile; fileRef = 14C85D8228BDF1780019066A /* VerificationScreen.swift */; };
		14C85D8628BDF50F0019066A /* TopNavigation.swift in Sources */ = {isa = PBXBuildFile; fileRef = 14C85D8528BDF50F0019066A /* TopNavigation.swift */; };
		14C85D8928BDF54F0019066A /* AppUtil.swift in Sources */ = {isa = PBXBuildFile; fileRef = 14C85D8828BDF54F0019066A /* AppUtil.swift */; };
		14C85D8B28BE42710019066A /* AccountCompletion.swift in Sources */ = {isa = PBXBuildFile; fileRef = 14C85D8A28BE42710019066A /* AccountCompletion.swift */; };
		14C85D8D28BE44230019066A /* CustomTextField.swift in Sources */ = {isa = PBXBuildFile; fileRef = 14C85D8C28BE44230019066A /* CustomTextField.swift */; };
		14C85D9228BE46600019066A /* DashboardScreen.swift in Sources */ = {isa = PBXBuildFile; fileRef = 14C85D9128BE46600019066A /* DashboardScreen.swift */; };
		14C85D9428BE5DC60019066A /* BottomNavigation.swift in Sources */ = {isa = PBXBuildFile; fileRef = 14C85D9328BE5DC60019066A /* BottomNavigation.swift */; };
		14C85D9728BE89010019066A /* DashboardCard.swift in Sources */ = {isa = PBXBuildFile; fileRef = 14C85D9628BE89010019066A /* DashboardCard.swift */; };
		14C85D9A28BE98050019066A /* OrderScreen.swift in Sources */ = {isa = PBXBuildFile; fileRef = 14C85D9928BE98050019066A /* OrderScreen.swift */; };
		14C85D9C28BE9E240019066A /* MyOrderCard.swift in Sources */ = {isa = PBXBuildFile; fileRef = 14C85D9B28BE9E240019066A /* MyOrderCard.swift */; };
		14C85D9E28BF22250019066A /* TrackingOrderScreen.swift in Sources */ = {isa = PBXBuildFile; fileRef = 14C85D9D28BF22250019066A /* TrackingOrderScreen.swift */; };
		14CEBC4E28BFCBED004A6FF2 /* CustomerReviewCard.swift in Sources */ = {isa = PBXBuildFile; fileRef = 14CEBC4D28BFCBED004A6FF2 /* CustomerReviewCard.swift */; };
		14CEBC5028BFD59A004A6FF2 /* OrderCancelScreen.swift in Sources */ = {isa = PBXBuildFile; fileRef = 14CEBC4F28BFD59A004A6FF2 /* OrderCancelScreen.swift */; };
		14CEBC5328BFE429004A6FF2 /* MoreScreen.swift in Sources */ = {isa = PBXBuildFile; fileRef = 14CEBC5228BFE429004A6FF2 /* MoreScreen.swift */; };
		14CEBC5528BFE5A7004A6FF2 /* MoreCard.swift in Sources */ = {isa = PBXBuildFile; fileRef = 14CEBC5428BFE5A7004A6FF2 /* MoreCard.swift */; };
		14D339BA28D0721C006360D9 /* technicianApi.swift in Sources */ = {isa = PBXBuildFile; fileRef = 14D339B928D0721C006360D9 /* technicianApi.swift */; };
		14D339BC28D07227006360D9 /* customerApi.swift in Sources */ = {isa = PBXBuildFile; fileRef = 14D339BB28D07227006360D9 /* customerApi.swift */; };
		14D339BE28D0A108006360D9 /* Strings.swift in Sources */ = {isa = PBXBuildFile; fileRef = 14D339BD28D0A108006360D9 /* Strings.swift */; };
		14D339C128D0F3E9006360D9 /* CustomerSignUp.swift in Sources */ = {isa = PBXBuildFile; fileRef = 14D339C028D0F3E9006360D9 /* CustomerSignUp.swift */; };
		14DE60F028F2B2BC00313F92 /* ImagePicker.swift in Sources */ = {isa = PBXBuildFile; fileRef = 14DE60EF28F2B2BC00313F92 /* ImagePicker.swift */; };
		1851139E290D75FD00C7D011 /* OrderClass.swift in Sources */ = {isa = PBXBuildFile; fileRef = 1851139D290D75FD00C7D011 /* OrderClass.swift */; };
		185113A0290E696E00C7D011 /* TechnicianProfileClass.swift in Sources */ = {isa = PBXBuildFile; fileRef = 1851139F290E696E00C7D011 /* TechnicianProfileClass.swift */; };
		18655766292D576B001DC163 /* PaymentScreen.swift in Sources */ = {isa = PBXBuildFile; fileRef = 18655765292D576B001DC163 /* PaymentScreen.swift */; };
		18655768292E2728001DC163 /* PaymentClass.swift in Sources */ = {isa = PBXBuildFile; fileRef = 18655767292E2728001DC163 /* PaymentClass.swift */; };
		18833E0B2928C2A100DF41DA /* Offers.swift in Sources */ = {isa = PBXBuildFile; fileRef = 18833E0A2928C2A100DF41DA /* Offers.swift */; };
		18E587DB2920D0E3005F43C4 /* LocationScreen.swift in Sources */ = {isa = PBXBuildFile; fileRef = 18E587DA2920D0E3005F43C4 /* LocationScreen.swift */; };
		D538E454C4326F15D905C817 /* Pods_Khebra.framework in Frameworks */ = {isa = PBXBuildFile; fileRef = FF1BC8F9AEC4AB8FD2CFEC87 /* Pods_Khebra.framework */; };
		EDB21BABB550BC82D988B938 /* Pods_KhebraTests.framework in Frameworks */ = {isa = PBXBuildFile; fileRef = 4E600C2D0AE64ADA2148F0E7 /* Pods_KhebraTests.framework */; };
		FDBC31E5FC3AA342979CC4BA /* Pods_Khebra_KhebraUITests.framework in Frameworks */ = {isa = PBXBuildFile; fileRef = 119DAFC800E16A91B025D79E /* Pods_Khebra_KhebraUITests.framework */; };
/* End PBXBuildFile section */

/* Begin PBXContainerItemProxy section */
		145C298E28B41FB600A317DC /* PBXContainerItemProxy */ = {
			isa = PBXContainerItemProxy;
			containerPortal = 145C297528B41FB200A317DC /* Project object */;
			proxyType = 1;
			remoteGlobalIDString = 145C297C28B41FB200A317DC;
			remoteInfo = Khebra;
		};
		145C299828B41FB600A317DC /* PBXContainerItemProxy */ = {
			isa = PBXContainerItemProxy;
			containerPortal = 145C297528B41FB200A317DC /* Project object */;
			proxyType = 1;
			remoteGlobalIDString = 145C297C28B41FB200A317DC;
			remoteInfo = Khebra;
		};
/* End PBXContainerItemProxy section */

/* Begin PBXFileReference section */
		05F958B15321DE55AD4EAFBD /* Pods-KhebraTests.debug.xcconfig */ = {isa = PBXFileReference; includeInIndex = 1; lastKnownFileType = text.xcconfig; name = "Pods-KhebraTests.debug.xcconfig"; path = "Target Support Files/Pods-KhebraTests/Pods-KhebraTests.debug.xcconfig"; sourceTree = "<group>"; };
		119DAFC800E16A91B025D79E /* Pods_Khebra_KhebraUITests.framework */ = {isa = PBXFileReference; explicitFileType = wrapper.framework; includeInIndex = 0; path = Pods_Khebra_KhebraUITests.framework; sourceTree = BUILT_PRODUCTS_DIR; };
		141A43F928BF324600FA094A /* OrderDetailScreen.swift */ = {isa = PBXFileReference; lastKnownFileType = sourcecode.swift; path = OrderDetailScreen.swift; sourceTree = "<group>"; };
		141A43FB28BF475200FA094A /* CompleteOrderScreen.swift */ = {isa = PBXFileReference; lastKnownFileType = sourcecode.swift; path = CompleteOrderScreen.swift; sourceTree = "<group>"; };
		141A43FD28BF5CE100FA094A /* TechnicianCard.swift */ = {isa = PBXFileReference; lastKnownFileType = sourcecode.swift; path = TechnicianCard.swift; sourceTree = "<group>"; };
		141A440028BF76B800FA094A /* TechnicianDetail.swift */ = {isa = PBXFileReference; lastKnownFileType = sourcecode.swift; path = TechnicianDetail.swift; sourceTree = "<group>"; };
		141B6D0D28C082E500EA7479 /* ConnectCard.swift */ = {isa = PBXFileReference; lastKnownFileType = sourcecode.swift; path = ConnectCard.swift; sourceTree = "<group>"; };
		141B6D0F28C08C9200EA7479 /* UserAgreementScreen.swift */ = {isa = PBXFileReference; lastKnownFileType = sourcecode.swift; path = UserAgreementScreen.swift; sourceTree = "<group>"; };
		141B6D1128C08DBF00EA7479 /* AgreementCard.swift */ = {isa = PBXFileReference; lastKnownFileType = sourcecode.swift; path = AgreementCard.swift; sourceTree = "<group>"; };
		141B6D1328C08FFD00EA7479 /* Profile.swift */ = {isa = PBXFileReference; lastKnownFileType = sourcecode.swift; path = Profile.swift; sourceTree = "<group>"; };
		141B6D1528C09A4300EA7479 /* MyPointScreen.swift */ = {isa = PBXFileReference; lastKnownFileType = sourcecode.swift; path = MyPointScreen.swift; sourceTree = "<group>"; };
		141B6D1828C0A41700EA7479 /* PointCard.swift */ = {isa = PBXFileReference; lastKnownFileType = sourcecode.swift; path = PointCard.swift; sourceTree = "<group>"; };
		141B6D1A28C0DE5600EA7479 /* CreateOrder.swift */ = {isa = PBXFileReference; lastKnownFileType = sourcecode.swift; path = CreateOrder.swift; sourceTree = "<group>"; };
		141B6D1C28C1240E00EA7479 /* Rating.swift */ = {isa = PBXFileReference; lastKnownFileType = sourcecode.swift; path = Rating.swift; sourceTree = "<group>"; };
		143D351928D5BBA400946FDD /* profileBody.swift */ = {isa = PBXFileReference; lastKnownFileType = sourcecode.swift; path = profileBody.swift; sourceTree = "<group>"; };
		143D351B28D841BA00946FDD /* Services.swift */ = {isa = PBXFileReference; lastKnownFileType = sourcecode.swift; path = Services.swift; sourceTree = "<group>"; };
		143D351D28D8CCD200946FDD /* ServiceManager.swift */ = {isa = PBXFileReference; lastKnownFileType = sourcecode.swift; path = ServiceManager.swift; sourceTree = "<group>"; };
		143D351F28D8D56C00946FDD /* CreateOrderBody.swift */ = {isa = PBXFileReference; lastKnownFileType = sourcecode.swift; path = CreateOrderBody.swift; sourceTree = "<group>"; };
		143D352428DE60E900946FDD /* MapView.swift */ = {isa = PBXFileReference; fileEncoding = 4; lastKnownFileType = sourcecode.swift; path = MapView.swift; sourceTree = "<group>"; };
		143D352528DE60E900946FDD /* MapViewControllerBridge.swift */ = {isa = PBXFileReference; fileEncoding = 4; lastKnownFileType = sourcecode.swift; path = MapViewControllerBridge.swift; sourceTree = "<group>"; };
		143D352628DE60E900946FDD /* MapViewController.swift */ = {isa = PBXFileReference; fileEncoding = 4; lastKnownFileType = sourcecode.swift; path = MapViewController.swift; sourceTree = "<group>"; };
		143D352A28DE646200946FDD /* OrderLocation.swift */ = {isa = PBXFileReference; lastKnownFileType = sourcecode.swift; path = OrderLocation.swift; sourceTree = "<group>"; };
		143D352C28DE663700946FDD /* LocationService.swift */ = {isa = PBXFileReference; fileEncoding = 4; lastKnownFileType = sourcecode.swift; path = LocationService.swift; sourceTree = "<group>"; };
		144635C228C25CDD00311865 /* OfferScreen.swift */ = {isa = PBXFileReference; lastKnownFileType = sourcecode.swift; path = OfferScreen.swift; sourceTree = "<group>"; };
		144635C428C25D8400311865 /* OffersCard.swift */ = {isa = PBXFileReference; lastKnownFileType = sourcecode.swift; path = OffersCard.swift; sourceTree = "<group>"; };
		144635C628C266C800311865 /* FavTechnicianCard.swift */ = {isa = PBXFileReference; lastKnownFileType = sourcecode.swift; path = FavTechnicianCard.swift; sourceTree = "<group>"; };
		144635C828C2692000311865 /* FavTechnicianScreen.swift */ = {isa = PBXFileReference; lastKnownFileType = sourcecode.swift; path = FavTechnicianScreen.swift; sourceTree = "<group>"; };
		144635CB28C26CD800311865 /* BusinessSectorScreen.swift */ = {isa = PBXFileReference; lastKnownFileType = sourcecode.swift; path = BusinessSectorScreen.swift; sourceTree = "<group>"; };
		144635CD28C32C7B00311865 /* EngiDesignScreen.swift */ = {isa = PBXFileReference; lastKnownFileType = sourcecode.swift; path = EngiDesignScreen.swift; sourceTree = "<group>"; };
		144635CF28C32CDA00311865 /* EngConstruction.swift */ = {isa = PBXFileReference; lastKnownFileType = sourcecode.swift; path = EngConstruction.swift; sourceTree = "<group>"; };
		144635D128C32D0C00311865 /* MaintainanceScreen.swift */ = {isa = PBXFileReference; lastKnownFileType = sourcecode.swift; path = MaintainanceScreen.swift; sourceTree = "<group>"; };
		144635D328C3AE7E00311865 /* ChooseOnMapScreen.swift */ = {isa = PBXFileReference; lastKnownFileType = sourcecode.swift; path = ChooseOnMapScreen.swift; sourceTree = "<group>"; };
		144635D528C3CADF00311865 /* RegisterPasswordScreen.swift */ = {isa = PBXFileReference; lastKnownFileType = sourcecode.swift; path = RegisterPasswordScreen.swift; sourceTree = "<group>"; };
		144635D928C3D1B200311865 /* TechnicianDashboard.swift */ = {isa = PBXFileReference; lastKnownFileType = sourcecode.swift; path = TechnicianDashboard.swift; sourceTree = "<group>"; };
		144635DB28C3D36500311865 /* TechOrderCard.swift */ = {isa = PBXFileReference; lastKnownFileType = sourcecode.swift; path = TechOrderCard.swift; sourceTree = "<group>"; };
		144635DD28C3DCCF00311865 /* BottomNavTechnician.swift */ = {isa = PBXFileReference; lastKnownFileType = sourcecode.swift; path = BottomNavTechnician.swift; sourceTree = "<group>"; };
		144635DF28C4795100311865 /* NotificationCrd.swift */ = {isa = PBXFileReference; lastKnownFileType = sourcecode.swift; path = NotificationCrd.swift; sourceTree = "<group>"; };
		144635E128C4806900311865 /* NotificationScreen.swift */ = {isa = PBXFileReference; lastKnownFileType = sourcecode.swift; path = NotificationScreen.swift; sourceTree = "<group>"; };
		144635E328C486C500311865 /* OrderDashboardScreen.swift */ = {isa = PBXFileReference; lastKnownFileType = sourcecode.swift; path = OrderDashboardScreen.swift; sourceTree = "<group>"; };
		144635E528C4898300311865 /* TechOrderDetailCard.swift */ = {isa = PBXFileReference; lastKnownFileType = sourcecode.swift; path = TechOrderDetailCard.swift; sourceTree = "<group>"; };
		144635E828C4957600311865 /* NewOrderDetailScreen.swift */ = {isa = PBXFileReference; lastKnownFileType = sourcecode.swift; path = NewOrderDetailScreen.swift; sourceTree = "<group>"; };
		144635EA28C4965D00311865 /* OrderNumCard.swift */ = {isa = PBXFileReference; lastKnownFileType = sourcecode.swift; path = OrderNumCard.swift; sourceTree = "<group>"; };
		145C297D28B41FB200A317DC /* Khebra.app */ = {isa = PBXFileReference; explicitFileType = wrapper.application; includeInIndex = 0; path = Khebra.app; sourceTree = BUILT_PRODUCTS_DIR; };
		145C298028B41FB200A317DC /* KhebraApp.swift */ = {isa = PBXFileReference; lastKnownFileType = sourcecode.swift; path = KhebraApp.swift; sourceTree = "<group>"; };
		145C298228B41FB200A317DC /* ContentView.swift */ = {isa = PBXFileReference; lastKnownFileType = sourcecode.swift; path = ContentView.swift; sourceTree = "<group>"; };
		145C298428B41FB500A317DC /* Assets.xcassets */ = {isa = PBXFileReference; lastKnownFileType = folder.assetcatalog; path = Assets.xcassets; sourceTree = "<group>"; };
		145C298728B41FB500A317DC /* Preview Assets.xcassets */ = {isa = PBXFileReference; lastKnownFileType = folder.assetcatalog; path = "Preview Assets.xcassets"; sourceTree = "<group>"; };
		145C298D28B41FB600A317DC /* KhebraTests.xctest */ = {isa = PBXFileReference; explicitFileType = wrapper.cfbundle; includeInIndex = 0; path = KhebraTests.xctest; sourceTree = BUILT_PRODUCTS_DIR; };
		145C299128B41FB600A317DC /* KhebraTests.swift */ = {isa = PBXFileReference; lastKnownFileType = sourcecode.swift; path = KhebraTests.swift; sourceTree = "<group>"; };
		145C299728B41FB600A317DC /* KhebraUITests.xctest */ = {isa = PBXFileReference; explicitFileType = wrapper.cfbundle; includeInIndex = 0; path = KhebraUITests.xctest; sourceTree = BUILT_PRODUCTS_DIR; };
		145C299B28B41FB600A317DC /* KhebraUITests.swift */ = {isa = PBXFileReference; lastKnownFileType = sourcecode.swift; path = KhebraUITests.swift; sourceTree = "<group>"; };
		145C299D28B41FB600A317DC /* KhebraUITestsLaunchTests.swift */ = {isa = PBXFileReference; lastKnownFileType = sourcecode.swift; path = KhebraUITestsLaunchTests.swift; sourceTree = "<group>"; };
		145C29AE28B4241C00A317DC /* ViewRouter.swift */ = {isa = PBXFileReference; lastKnownFileType = sourcecode.swift; path = ViewRouter.swift; sourceTree = "<group>"; };
		145C29B128B4248800A317DC /* SplashScreen.swift */ = {isa = PBXFileReference; lastKnownFileType = sourcecode.swift; path = SplashScreen.swift; sourceTree = "<group>"; };
		145C746128BFF8FA003E7164 /* SocialCard.swift */ = {isa = PBXFileReference; lastKnownFileType = sourcecode.swift; path = SocialCard.swift; sourceTree = "<group>"; };
		145C746328BFFC27003E7164 /* ShareApp.swift */ = {isa = PBXFileReference; lastKnownFileType = sourcecode.swift; path = ShareApp.swift; sourceTree = "<group>"; };
		145C746528C0005A003E7164 /* ConnectScreen.swift */ = {isa = PBXFileReference; lastKnownFileType = sourcecode.swift; path = ConnectScreen.swift; sourceTree = "<group>"; };
		149033C528C4E0B900FC0264 /* OrderButton.swift */ = {isa = PBXFileReference; lastKnownFileType = sourcecode.swift; path = OrderButton.swift; sourceTree = "<group>"; };
		149033C728C4E31F00FC0264 /* IncomingOrderScreen.swift */ = {isa = PBXFileReference; lastKnownFileType = sourcecode.swift; path = IncomingOrderScreen.swift; sourceTree = "<group>"; };
		149033C928C4F40C00FC0264 /* DeferredOrderScreen.swift */ = {isa = PBXFileReference; lastKnownFileType = sourcecode.swift; path = DeferredOrderScreen.swift; sourceTree = "<group>"; };
		149033CB28C4F64400FC0264 /* CompletedOrderScreen.swift */ = {isa = PBXFileReference; lastKnownFileType = sourcecode.swift; path = CompletedOrderScreen.swift; sourceTree = "<group>"; };
		149033CD28C4FD0200FC0264 /* InvoiceDetailScreen.swift */ = {isa = PBXFileReference; lastKnownFileType = sourcecode.swift; path = InvoiceDetailScreen.swift; sourceTree = "<group>"; };
		149033CF28C4FE2C00FC0264 /* InvoiceTextField.swift */ = {isa = PBXFileReference; lastKnownFileType = sourcecode.swift; path = InvoiceTextField.swift; sourceTree = "<group>"; };
		149033D428C50DB300FC0264 /* TechMoreScreen.swift */ = {isa = PBXFileReference; lastKnownFileType = sourcecode.swift; path = TechMoreScreen.swift; sourceTree = "<group>"; };
		149033D628C53D5C00FC0264 /* IncomeScreen.swift */ = {isa = PBXFileReference; lastKnownFileType = sourcecode.swift; path = IncomeScreen.swift; sourceTree = "<group>"; };
		14AEB9B828C64E6D006688BD /* HowToUseScreen.swift */ = {isa = PBXFileReference; lastKnownFileType = sourcecode.swift; path = HowToUseScreen.swift; sourceTree = "<group>"; };
		14AEB9BC28C651F1006688BD /* TechProfileScreen.swift */ = {isa = PBXFileReference; lastKnownFileType = sourcecode.swift; path = TechProfileScreen.swift; sourceTree = "<group>"; };
		14AEB9BE28C65756006688BD /* SettingScreen.swift */ = {isa = PBXFileReference; lastKnownFileType = sourcecode.swift; path = SettingScreen.swift; sourceTree = "<group>"; };
		14AEB9C028C6839D006688BD /* IncentivePenaltyScreen.swift */ = {isa = PBXFileReference; lastKnownFileType = sourcecode.swift; path = IncentivePenaltyScreen.swift; sourceTree = "<group>"; };
		14AEB9C228C68B23006688BD /* RatingFactorScreen.swift */ = {isa = PBXFileReference; lastKnownFileType = sourcecode.swift; path = RatingFactorScreen.swift; sourceTree = "<group>"; };
		14AEB9C428C72007006688BD /* InvoiceScreen.swift */ = {isa = PBXFileReference; lastKnownFileType = sourcecode.swift; path = InvoiceScreen.swift; sourceTree = "<group>"; };
		14AEB9C628C8A4FF006688BD /* NewInvoiceScreen.swift */ = {isa = PBXFileReference; lastKnownFileType = sourcecode.swift; path = NewInvoiceScreen.swift; sourceTree = "<group>"; };
		14C85D7028BD4E8A0019066A /* LoginScreen.swift */ = {isa = PBXFileReference; lastKnownFileType = sourcecode.swift; path = LoginScreen.swift; sourceTree = "<group>"; };
		14C85D7228BD56200019066A /* Info.plist */ = {isa = PBXFileReference; lastKnownFileType = text.plist; path = Info.plist; sourceTree = "<group>"; };
		14C85D7328BD5DC20019066A /* STCRegular.ttf */ = {isa = PBXFileReference; lastKnownFileType = file; path = STCRegular.ttf; sourceTree = "<group>"; };
		14C85D7528BD5DD30019066A /* STC Bold.ttf */ = {isa = PBXFileReference; lastKnownFileType = file; path = "STC Bold.ttf"; sourceTree = "<group>"; };
		14C85D7B28BD622F0019066A /* LoginTextField.swift */ = {isa = PBXFileReference; lastKnownFileType = sourcecode.swift; path = LoginTextField.swift; sourceTree = "<group>"; };
		14C85D7E28BDE22E0019066A /* CustomButton.swift */ = {isa = PBXFileReference; lastKnownFileType = sourcecode.swift; path = CustomButton.swift; sourceTree = "<group>"; };
		14C85D8028BDF01D0019066A /* SignUpScreen.swift */ = {isa = PBXFileReference; lastKnownFileType = sourcecode.swift; path = SignUpScreen.swift; sourceTree = "<group>"; };
		14C85D8228BDF1780019066A /* VerificationScreen.swift */ = {isa = PBXFileReference; lastKnownFileType = sourcecode.swift; path = VerificationScreen.swift; sourceTree = "<group>"; };
		14C85D8528BDF50F0019066A /* TopNavigation.swift */ = {isa = PBXFileReference; lastKnownFileType = sourcecode.swift; path = TopNavigation.swift; sourceTree = "<group>"; };
		14C85D8828BDF54F0019066A /* AppUtil.swift */ = {isa = PBXFileReference; lastKnownFileType = sourcecode.swift; path = AppUtil.swift; sourceTree = "<group>"; };
		14C85D8A28BE42710019066A /* AccountCompletion.swift */ = {isa = PBXFileReference; lastKnownFileType = sourcecode.swift; path = AccountCompletion.swift; sourceTree = "<group>"; };
		14C85D8C28BE44230019066A /* CustomTextField.swift */ = {isa = PBXFileReference; lastKnownFileType = sourcecode.swift; path = CustomTextField.swift; sourceTree = "<group>"; };
		14C85D9128BE46600019066A /* DashboardScreen.swift */ = {isa = PBXFileReference; lastKnownFileType = sourcecode.swift; path = DashboardScreen.swift; sourceTree = "<group>"; };
		14C85D9328BE5DC60019066A /* BottomNavigation.swift */ = {isa = PBXFileReference; lastKnownFileType = sourcecode.swift; path = BottomNavigation.swift; sourceTree = "<group>"; };
		14C85D9628BE89010019066A /* DashboardCard.swift */ = {isa = PBXFileReference; lastKnownFileType = sourcecode.swift; path = DashboardCard.swift; sourceTree = "<group>"; };
		14C85D9928BE98050019066A /* OrderScreen.swift */ = {isa = PBXFileReference; lastKnownFileType = sourcecode.swift; path = OrderScreen.swift; sourceTree = "<group>"; };
		14C85D9B28BE9E240019066A /* MyOrderCard.swift */ = {isa = PBXFileReference; lastKnownFileType = sourcecode.swift; path = MyOrderCard.swift; sourceTree = "<group>"; };
		14C85D9D28BF22250019066A /* TrackingOrderScreen.swift */ = {isa = PBXFileReference; lastKnownFileType = sourcecode.swift; path = TrackingOrderScreen.swift; sourceTree = "<group>"; };
		14CEBC4D28BFCBED004A6FF2 /* CustomerReviewCard.swift */ = {isa = PBXFileReference; lastKnownFileType = sourcecode.swift; path = CustomerReviewCard.swift; sourceTree = "<group>"; };
		14CEBC4F28BFD59A004A6FF2 /* OrderCancelScreen.swift */ = {isa = PBXFileReference; lastKnownFileType = sourcecode.swift; path = OrderCancelScreen.swift; sourceTree = "<group>"; };
		14CEBC5228BFE429004A6FF2 /* MoreScreen.swift */ = {isa = PBXFileReference; lastKnownFileType = sourcecode.swift; path = MoreScreen.swift; sourceTree = "<group>"; };
		14CEBC5428BFE5A7004A6FF2 /* MoreCard.swift */ = {isa = PBXFileReference; lastKnownFileType = sourcecode.swift; path = MoreCard.swift; sourceTree = "<group>"; };
		14D339B928D0721C006360D9 /* technicianApi.swift */ = {isa = PBXFileReference; lastKnownFileType = sourcecode.swift; path = technicianApi.swift; sourceTree = "<group>"; };
		14D339BB28D07227006360D9 /* customerApi.swift */ = {isa = PBXFileReference; lastKnownFileType = sourcecode.swift; path = customerApi.swift; sourceTree = "<group>"; };
		14D339BD28D0A108006360D9 /* Strings.swift */ = {isa = PBXFileReference; lastKnownFileType = sourcecode.swift; path = Strings.swift; sourceTree = "<group>"; };
		14D339C028D0F3E9006360D9 /* CustomerSignUp.swift */ = {isa = PBXFileReference; lastKnownFileType = sourcecode.swift; path = CustomerSignUp.swift; sourceTree = "<group>"; };
		14DE60EF28F2B2BC00313F92 /* ImagePicker.swift */ = {isa = PBXFileReference; lastKnownFileType = sourcecode.swift; path = ImagePicker.swift; sourceTree = "<group>"; };
		1851139D290D75FD00C7D011 /* OrderClass.swift */ = {isa = PBXFileReference; lastKnownFileType = sourcecode.swift; path = OrderClass.swift; sourceTree = "<group>"; };
		1851139F290E696E00C7D011 /* TechnicianProfileClass.swift */ = {isa = PBXFileReference; lastKnownFileType = sourcecode.swift; path = TechnicianProfileClass.swift; sourceTree = "<group>"; };
		18655765292D576B001DC163 /* PaymentScreen.swift */ = {isa = PBXFileReference; lastKnownFileType = sourcecode.swift; path = PaymentScreen.swift; sourceTree = "<group>"; };
		18655767292E2728001DC163 /* PaymentClass.swift */ = {isa = PBXFileReference; lastKnownFileType = sourcecode.swift; path = PaymentClass.swift; sourceTree = "<group>"; };
		18833E0A2928C2A100DF41DA /* Offers.swift */ = {isa = PBXFileReference; lastKnownFileType = sourcecode.swift; path = Offers.swift; sourceTree = "<group>"; };
		18E587DA2920D0E3005F43C4 /* LocationScreen.swift */ = {isa = PBXFileReference; lastKnownFileType = sourcecode.swift; path = LocationScreen.swift; sourceTree = "<group>"; };
		1BAF8ABD7BD25686ABB95552 /* Pods-Khebra-KhebraUITests.debug.xcconfig */ = {isa = PBXFileReference; includeInIndex = 1; lastKnownFileType = text.xcconfig; name = "Pods-Khebra-KhebraUITests.debug.xcconfig"; path = "Target Support Files/Pods-Khebra-KhebraUITests/Pods-Khebra-KhebraUITests.debug.xcconfig"; sourceTree = "<group>"; };
		373F5C19113DE477A12C1307 /* Pods-Khebra-KhebraUITests.release.xcconfig */ = {isa = PBXFileReference; includeInIndex = 1; lastKnownFileType = text.xcconfig; name = "Pods-Khebra-KhebraUITests.release.xcconfig"; path = "Target Support Files/Pods-Khebra-KhebraUITests/Pods-Khebra-KhebraUITests.release.xcconfig"; sourceTree = "<group>"; };
		388A53BE8FC746D8F2D76969 /* Pods-Khebra.release.xcconfig */ = {isa = PBXFileReference; includeInIndex = 1; lastKnownFileType = text.xcconfig; name = "Pods-Khebra.release.xcconfig"; path = "Target Support Files/Pods-Khebra/Pods-Khebra.release.xcconfig"; sourceTree = "<group>"; };
		4E600C2D0AE64ADA2148F0E7 /* Pods_KhebraTests.framework */ = {isa = PBXFileReference; explicitFileType = wrapper.framework; includeInIndex = 0; path = Pods_KhebraTests.framework; sourceTree = BUILT_PRODUCTS_DIR; };
		6A7FE865C41861B1C2C06F7B /* Pods-Khebra.debug.xcconfig */ = {isa = PBXFileReference; includeInIndex = 1; lastKnownFileType = text.xcconfig; name = "Pods-Khebra.debug.xcconfig"; path = "Target Support Files/Pods-Khebra/Pods-Khebra.debug.xcconfig"; sourceTree = "<group>"; };
		6A930394084559121AD4E299 /* Pods-KhebraTests.release.xcconfig */ = {isa = PBXFileReference; includeInIndex = 1; lastKnownFileType = text.xcconfig; name = "Pods-KhebraTests.release.xcconfig"; path = "Target Support Files/Pods-KhebraTests/Pods-KhebraTests.release.xcconfig"; sourceTree = "<group>"; };
		FF1BC8F9AEC4AB8FD2CFEC87 /* Pods_Khebra.framework */ = {isa = PBXFileReference; explicitFileType = wrapper.framework; includeInIndex = 0; path = Pods_Khebra.framework; sourceTree = BUILT_PRODUCTS_DIR; };
/* End PBXFileReference section */

/* Begin PBXFrameworksBuildPhase section */
		145C297A28B41FB200A317DC /* Frameworks */ = {
			isa = PBXFrameworksBuildPhase;
			buildActionMask = 2147483647;
			files = (
				D538E454C4326F15D905C817 /* Pods_Khebra.framework in Frameworks */,
			);
			runOnlyForDeploymentPostprocessing = 0;
		};
		145C298A28B41FB600A317DC /* Frameworks */ = {
			isa = PBXFrameworksBuildPhase;
			buildActionMask = 2147483647;
			files = (
				EDB21BABB550BC82D988B938 /* Pods_KhebraTests.framework in Frameworks */,
			);
			runOnlyForDeploymentPostprocessing = 0;
		};
		145C299428B41FB600A317DC /* Frameworks */ = {
			isa = PBXFrameworksBuildPhase;
			buildActionMask = 2147483647;
			files = (
				FDBC31E5FC3AA342979CC4BA /* Pods_Khebra_KhebraUITests.framework in Frameworks */,
			);
			runOnlyForDeploymentPostprocessing = 0;
		};
/* End PBXFrameworksBuildPhase section */

/* Begin PBXGroup section */
		141A43FF28BF769600FA094A /* Technician */ = {
			isa = PBXGroup;
			children = (
				141A440028BF76B800FA094A /* TechnicianDetail.swift */,
				141B6D1C28C1240E00EA7479 /* Rating.swift */,
			);
			path = Technician;
			sourceTree = "<group>";
		};
		143D352328DE60AF00946FDD /* Maps */ = {
			isa = PBXGroup;
			children = (
				143D352428DE60E900946FDD /* MapView.swift */,
				143D352628DE60E900946FDD /* MapViewController.swift */,
				143D352528DE60E900946FDD /* MapViewControllerBridge.swift */,
				18E587DA2920D0E3005F43C4 /* LocationScreen.swift */,
			);
			path = Maps;
			sourceTree = "<group>";
		};
		144635CA28C26C4600311865 /* Business Sector */ = {
			isa = PBXGroup;
			children = (
				144635CB28C26CD800311865 /* BusinessSectorScreen.swift */,
				144635CD28C32C7B00311865 /* EngiDesignScreen.swift */,
				144635CF28C32CDA00311865 /* EngConstruction.swift */,
				144635D128C32D0C00311865 /* MaintainanceScreen.swift */,
			);
			path = "Business Sector";
			sourceTree = "<group>";
		};
		144635D728C3D19800311865 /* Technician */ = {
			isa = PBXGroup;
			children = (
				149033D328C5057000FC0264 /* ProfileScreens */,
				144635E728C4956700311865 /* Orders */,
				144635D828C3D1A200311865 /* Dashboard */,
			);
			path = Technician;
			sourceTree = "<group>";
		};
		144635D828C3D1A200311865 /* Dashboard */ = {
			isa = PBXGroup;
			children = (
				144635D928C3D1B200311865 /* TechnicianDashboard.swift */,
				144635E128C4806900311865 /* NotificationScreen.swift */,
				144635E328C486C500311865 /* OrderDashboardScreen.swift */,
			);
			path = Dashboard;
			sourceTree = "<group>";
		};
		144635E728C4956700311865 /* Orders */ = {
			isa = PBXGroup;
			children = (
				144635E828C4957600311865 /* NewOrderDetailScreen.swift */,
				149033C728C4E31F00FC0264 /* IncomingOrderScreen.swift */,
				149033C928C4F40C00FC0264 /* DeferredOrderScreen.swift */,
				149033CB28C4F64400FC0264 /* CompletedOrderScreen.swift */,
				149033CD28C4FD0200FC0264 /* InvoiceDetailScreen.swift */,
				14AEB9C628C8A4FF006688BD /* NewInvoiceScreen.swift */,
				143D352A28DE646200946FDD /* OrderLocation.swift */,
			);
			path = Orders;
			sourceTree = "<group>";
		};
		145C297428B41FB200A317DC = {
			isa = PBXGroup;
			children = (
				145C297F28B41FB200A317DC /* Khebra */,
				145C299028B41FB600A317DC /* KhebraTests */,
				145C299A28B41FB600A317DC /* KhebraUITests */,
				145C297E28B41FB200A317DC /* Products */,
				1DDF6CE6A303A3056E46E0E1 /* Pods */,
				333D97C162710656A309C073 /* Frameworks */,
			);
			sourceTree = "<group>";
		};
		145C297E28B41FB200A317DC /* Products */ = {
			isa = PBXGroup;
			children = (
				145C297D28B41FB200A317DC /* Khebra.app */,
				145C298D28B41FB600A317DC /* KhebraTests.xctest */,
				145C299728B41FB600A317DC /* KhebraUITests.xctest */,
			);
			name = Products;
			sourceTree = "<group>";
		};
		145C297F28B41FB200A317DC /* Khebra */ = {
			isa = PBXGroup;
			children = (
				14D339BF28D0F365006360D9 /* Models */,
				14C85D7528BD5DD30019066A /* STC Bold.ttf */,
				14C85D7328BD5DC20019066A /* STCRegular.ttf */,
				14C85D7228BD56200019066A /* Info.plist */,
				145C29AD28B423FE00A317DC /* Observables */,
				145C29AB28B423E500A317DC /* Utils */,
				145C29AA28B423D800A317DC /* Views */,
				145C298028B41FB200A317DC /* KhebraApp.swift */,
				145C298228B41FB200A317DC /* ContentView.swift */,
				145C298428B41FB500A317DC /* Assets.xcassets */,
				145C298628B41FB500A317DC /* Preview Content */,
			);
			path = Khebra;
			sourceTree = "<group>";
		};
		145C298628B41FB500A317DC /* Preview Content */ = {
			isa = PBXGroup;
			children = (
				145C298728B41FB500A317DC /* Preview Assets.xcassets */,
			);
			path = "Preview Content";
			sourceTree = "<group>";
		};
		145C299028B41FB600A317DC /* KhebraTests */ = {
			isa = PBXGroup;
			children = (
				145C299128B41FB600A317DC /* KhebraTests.swift */,
			);
			path = KhebraTests;
			sourceTree = "<group>";
		};
		145C299A28B41FB600A317DC /* KhebraUITests */ = {
			isa = PBXGroup;
			children = (
				145C299B28B41FB600A317DC /* KhebraUITests.swift */,
				145C299D28B41FB600A317DC /* KhebraUITestsLaunchTests.swift */,
			);
			path = KhebraUITests;
			sourceTree = "<group>";
		};
		145C29AA28B423D800A317DC /* Views */ = {
			isa = PBXGroup;
			children = (
				14DE60EE28F2B2A800313F92 /* ImagePickerViews */,
				143D352328DE60AF00946FDD /* Maps */,
				144635D728C3D19800311865 /* Technician */,
				14C85D8E28BE46410019066A /* Customer */,
				14C85D7728BD5ED40019066A /* Components */,
				145C29B028B4246B00A317DC /* Accounts */,
			);
			path = Views;
			sourceTree = "<group>";
		};
		145C29AB28B423E500A317DC /* Utils */ = {
			isa = PBXGroup;
			children = (
				143D352C28DE663700946FDD /* LocationService.swift */,
				14C85D8828BDF54F0019066A /* AppUtil.swift */,
				14D339B928D0721C006360D9 /* technicianApi.swift */,
				14D339BB28D07227006360D9 /* customerApi.swift */,
				14D339BD28D0A108006360D9 /* Strings.swift */,
				143D351D28D8CCD200946FDD /* ServiceManager.swift */,
			);
			path = Utils;
			sourceTree = "<group>";
		};
		145C29AD28B423FE00A317DC /* Observables */ = {
			isa = PBXGroup;
			children = (
				145C29AE28B4241C00A317DC /* ViewRouter.swift */,
			);
			path = Observables;
			sourceTree = "<group>";
		};
		145C29B028B4246B00A317DC /* Accounts */ = {
			isa = PBXGroup;
			children = (
				145C29B128B4248800A317DC /* SplashScreen.swift */,
				14C85D7028BD4E8A0019066A /* LoginScreen.swift */,
				14C85D8028BDF01D0019066A /* SignUpScreen.swift */,
				14C85D8228BDF1780019066A /* VerificationScreen.swift */,
				14C85D8A28BE42710019066A /* AccountCompletion.swift */,
				144635D528C3CADF00311865 /* RegisterPasswordScreen.swift */,
			);
			path = Accounts;
			sourceTree = "<group>";
		};
		149033D328C5057000FC0264 /* ProfileScreens */ = {
			isa = PBXGroup;
			children = (
				149033D428C50DB300FC0264 /* TechMoreScreen.swift */,
				149033D628C53D5C00FC0264 /* IncomeScreen.swift */,
				14AEB9B828C64E6D006688BD /* HowToUseScreen.swift */,
				14AEB9BC28C651F1006688BD /* TechProfileScreen.swift */,
				14AEB9BE28C65756006688BD /* SettingScreen.swift */,
				14AEB9C028C6839D006688BD /* IncentivePenaltyScreen.swift */,
				14AEB9C228C68B23006688BD /* RatingFactorScreen.swift */,
				14AEB9C428C72007006688BD /* InvoiceScreen.swift */,
			);
			path = ProfileScreens;
			sourceTree = "<group>";
		};
		14C85D7728BD5ED40019066A /* Components */ = {
			isa = PBXGroup;
			children = (
				14C85D9528BE88ED0019066A /* Cards */,
				14C85D8428BDF3050019066A /* General */,
				14C85D7D28BD62450019066A /* Buttons */,
				14C85D7A28BD61FA0019066A /* Textfields */,
			);
			path = Components;
			sourceTree = "<group>";
		};
		14C85D7A28BD61FA0019066A /* Textfields */ = {
			isa = PBXGroup;
			children = (
				14C85D7B28BD622F0019066A /* LoginTextField.swift */,
				14C85D8C28BE44230019066A /* CustomTextField.swift */,
				149033CF28C4FE2C00FC0264 /* InvoiceTextField.swift */,
			);
			path = Textfields;
			sourceTree = "<group>";
		};
		14C85D7D28BD62450019066A /* Buttons */ = {
			isa = PBXGroup;
			children = (
				14C85D7E28BDE22E0019066A /* CustomButton.swift */,
				149033C528C4E0B900FC0264 /* OrderButton.swift */,
			);
			path = Buttons;
			sourceTree = "<group>";
		};
		14C85D8428BDF3050019066A /* General */ = {
			isa = PBXGroup;
			children = (
				14C85D8528BDF50F0019066A /* TopNavigation.swift */,
				14C85D9328BE5DC60019066A /* BottomNavigation.swift */,
				144635DD28C3DCCF00311865 /* BottomNavTechnician.swift */,
			);
			path = General;
			sourceTree = "<group>";
		};
		14C85D8E28BE46410019066A /* Customer */ = {
			isa = PBXGroup;
			children = (
				144635CA28C26C4600311865 /* Business Sector */,
				14CEBC5128BFE415004A6FF2 /* Profile */,
				141A43FF28BF769600FA094A /* Technician */,
				14C85D9828BE97E30019066A /* Order */,
				14C85D8F28BE46490019066A /* Dashboard */,
			);
			path = Customer;
			sourceTree = "<group>";
		};
		14C85D8F28BE46490019066A /* Dashboard */ = {
			isa = PBXGroup;
			children = (
				14C85D9128BE46600019066A /* DashboardScreen.swift */,
				144635C228C25CDD00311865 /* OfferScreen.swift */,
			);
			path = Dashboard;
			sourceTree = "<group>";
		};
		14C85D9528BE88ED0019066A /* Cards */ = {
			isa = PBXGroup;
			children = (
				14C85D9628BE89010019066A /* DashboardCard.swift */,
				14C85D9B28BE9E240019066A /* MyOrderCard.swift */,
				141A43FD28BF5CE100FA094A /* TechnicianCard.swift */,
				14CEBC4D28BFCBED004A6FF2 /* CustomerReviewCard.swift */,
				14CEBC5428BFE5A7004A6FF2 /* MoreCard.swift */,
				145C746128BFF8FA003E7164 /* SocialCard.swift */,
				141B6D0D28C082E500EA7479 /* ConnectCard.swift */,
				141B6D1128C08DBF00EA7479 /* AgreementCard.swift */,
				141B6D1828C0A41700EA7479 /* PointCard.swift */,
				144635C428C25D8400311865 /* OffersCard.swift */,
				144635C628C266C800311865 /* FavTechnicianCard.swift */,
				144635DB28C3D36500311865 /* TechOrderCard.swift */,
				144635DF28C4795100311865 /* NotificationCrd.swift */,
				144635E528C4898300311865 /* TechOrderDetailCard.swift */,
				144635EA28C4965D00311865 /* OrderNumCard.swift */,
			);
			path = Cards;
			sourceTree = "<group>";
		};
		14C85D9828BE97E30019066A /* Order */ = {
			isa = PBXGroup;
			children = (
				14C85D9928BE98050019066A /* OrderScreen.swift */,
				14C85D9D28BF22250019066A /* TrackingOrderScreen.swift */,
				141A43F928BF324600FA094A /* OrderDetailScreen.swift */,
				141A43FB28BF475200FA094A /* CompleteOrderScreen.swift */,
				14CEBC4F28BFD59A004A6FF2 /* OrderCancelScreen.swift */,
				141B6D1A28C0DE5600EA7479 /* CreateOrder.swift */,
				144635D328C3AE7E00311865 /* ChooseOnMapScreen.swift */,
				18655765292D576B001DC163 /* PaymentScreen.swift */,
			);
			path = Order;
			sourceTree = "<group>";
		};
		14CEBC5128BFE415004A6FF2 /* Profile */ = {
			isa = PBXGroup;
			children = (
				14CEBC5228BFE429004A6FF2 /* MoreScreen.swift */,
				145C746328BFFC27003E7164 /* ShareApp.swift */,
				145C746528C0005A003E7164 /* ConnectScreen.swift */,
				141B6D0F28C08C9200EA7479 /* UserAgreementScreen.swift */,
				141B6D1328C08FFD00EA7479 /* Profile.swift */,
				141B6D1528C09A4300EA7479 /* MyPointScreen.swift */,
				144635C828C2692000311865 /* FavTechnicianScreen.swift */,
			);
			path = Profile;
			sourceTree = "<group>";
		};
		14D339BF28D0F365006360D9 /* Models */ = {
			isa = PBXGroup;
			children = (
				14D339C028D0F3E9006360D9 /* CustomerSignUp.swift */,
				143D351928D5BBA400946FDD /* profileBody.swift */,
				143D351B28D841BA00946FDD /* Services.swift */,
				143D351F28D8D56C00946FDD /* CreateOrderBody.swift */,
				1851139D290D75FD00C7D011 /* OrderClass.swift */,
				1851139F290E696E00C7D011 /* TechnicianProfileClass.swift */,
				18833E0A2928C2A100DF41DA /* Offers.swift */,
				18655767292E2728001DC163 /* PaymentClass.swift */,
			);
			path = Models;
			sourceTree = "<group>";
		};
		14DE60EE28F2B2A800313F92 /* ImagePickerViews */ = {
			isa = PBXGroup;
			children = (
				14DE60EF28F2B2BC00313F92 /* ImagePicker.swift */,
			);
			path = ImagePickerViews;
			sourceTree = "<group>";
		};
		1DDF6CE6A303A3056E46E0E1 /* Pods */ = {
			isa = PBXGroup;
			children = (
				6A7FE865C41861B1C2C06F7B /* Pods-Khebra.debug.xcconfig */,
				388A53BE8FC746D8F2D76969 /* Pods-Khebra.release.xcconfig */,
				1BAF8ABD7BD25686ABB95552 /* Pods-Khebra-KhebraUITests.debug.xcconfig */,
				373F5C19113DE477A12C1307 /* Pods-Khebra-KhebraUITests.release.xcconfig */,
				05F958B15321DE55AD4EAFBD /* Pods-KhebraTests.debug.xcconfig */,
				6A930394084559121AD4E299 /* Pods-KhebraTests.release.xcconfig */,
			);
			path = Pods;
			sourceTree = "<group>";
		};
		333D97C162710656A309C073 /* Frameworks */ = {
			isa = PBXGroup;
			children = (
				FF1BC8F9AEC4AB8FD2CFEC87 /* Pods_Khebra.framework */,
				119DAFC800E16A91B025D79E /* Pods_Khebra_KhebraUITests.framework */,
				4E600C2D0AE64ADA2148F0E7 /* Pods_KhebraTests.framework */,
			);
			name = Frameworks;
			sourceTree = "<group>";
		};
/* End PBXGroup section */

/* Begin PBXNativeTarget section */
		145C297C28B41FB200A317DC /* Khebra */ = {
			isa = PBXNativeTarget;
			buildConfigurationList = 145C29A128B41FB600A317DC /* Build configuration list for PBXNativeTarget "Khebra" */;
			buildPhases = (
				A2DEEA22DBEC0CDF3DD1428E /* [CP] Check Pods Manifest.lock */,
				145C297928B41FB200A317DC /* Sources */,
				145C297A28B41FB200A317DC /* Frameworks */,
				145C297B28B41FB200A317DC /* Resources */,
				562915488F591F83B3D147EC /* [CP] Embed Pods Frameworks */,
				C5A59034C938E1F2F46BA288 /* [CP] Copy Pods Resources */,
			);
			buildRules = (
			);
			dependencies = (
			);
			name = Khebra;
			productName = Khebra;
			productReference = 145C297D28B41FB200A317DC /* Khebra.app */;
			productType = "com.apple.product-type.application";
		};
		145C298C28B41FB600A317DC /* KhebraTests */ = {
			isa = PBXNativeTarget;
			buildConfigurationList = 145C29A428B41FB600A317DC /* Build configuration list for PBXNativeTarget "KhebraTests" */;
			buildPhases = (
				9DCD35BCF37C9748BB4FDA7C /* [CP] Check Pods Manifest.lock */,
				145C298928B41FB600A317DC /* Sources */,
				145C298A28B41FB600A317DC /* Frameworks */,
				145C298B28B41FB600A317DC /* Resources */,
			);
			buildRules = (
			);
			dependencies = (
				145C298F28B41FB600A317DC /* PBXTargetDependency */,
			);
			name = KhebraTests;
			productName = KhebraTests;
			productReference = 145C298D28B41FB600A317DC /* KhebraTests.xctest */;
			productType = "com.apple.product-type.bundle.unit-test";
		};
		145C299628B41FB600A317DC /* KhebraUITests */ = {
			isa = PBXNativeTarget;
			buildConfigurationList = 145C29A728B41FB600A317DC /* Build configuration list for PBXNativeTarget "KhebraUITests" */;
			buildPhases = (
				BC1D61AE0A5FEB4E7F8A89CE /* [CP] Check Pods Manifest.lock */,
				145C299328B41FB600A317DC /* Sources */,
				145C299428B41FB600A317DC /* Frameworks */,
				145C299528B41FB600A317DC /* Resources */,
				A0EF854BE516594A6E5E7777 /* [CP] Embed Pods Frameworks */,
				88117FA83FF5528A32125A6A /* [CP] Copy Pods Resources */,
			);
			buildRules = (
			);
			dependencies = (
				145C299928B41FB600A317DC /* PBXTargetDependency */,
			);
			name = KhebraUITests;
			productName = KhebraUITests;
			productReference = 145C299728B41FB600A317DC /* KhebraUITests.xctest */;
			productType = "com.apple.product-type.bundle.ui-testing";
		};
/* End PBXNativeTarget section */

/* Begin PBXProject section */
		145C297528B41FB200A317DC /* Project object */ = {
			isa = PBXProject;
			attributes = {
				BuildIndependentTargetsInParallel = 1;
				LastSwiftUpdateCheck = 1320;
				LastUpgradeCheck = 1320;
				TargetAttributes = {
					145C297C28B41FB200A317DC = {
						CreatedOnToolsVersion = 13.2.1;
					};
					145C298C28B41FB600A317DC = {
						CreatedOnToolsVersion = 13.2.1;
						TestTargetID = 145C297C28B41FB200A317DC;
					};
					145C299628B41FB600A317DC = {
						CreatedOnToolsVersion = 13.2.1;
						TestTargetID = 145C297C28B41FB200A317DC;
					};
				};
			};
			buildConfigurationList = 145C297828B41FB200A317DC /* Build configuration list for PBXProject "Khebra" */;
			compatibilityVersion = "Xcode 13.0";
			developmentRegion = en;
			hasScannedForEncodings = 0;
			knownRegions = (
				en,
				Base,
			);
			mainGroup = 145C297428B41FB200A317DC;
			productRefGroup = 145C297E28B41FB200A317DC /* Products */;
			projectDirPath = "";
			projectRoot = "";
			targets = (
				145C297C28B41FB200A317DC /* Khebra */,
				145C298C28B41FB600A317DC /* KhebraTests */,
				145C299628B41FB600A317DC /* KhebraUITests */,
			);
		};
/* End PBXProject section */

/* Begin PBXResourcesBuildPhase section */
		145C297B28B41FB200A317DC /* Resources */ = {
			isa = PBXResourcesBuildPhase;
			buildActionMask = 2147483647;
			files = (
				14C85D7428BD5DC20019066A /* STCRegular.ttf in Resources */,
				145C298828B41FB500A317DC /* Preview Assets.xcassets in Resources */,
				145C298528B41FB500A317DC /* Assets.xcassets in Resources */,
				14C85D7628BD5DD30019066A /* STC Bold.ttf in Resources */,
			);
			runOnlyForDeploymentPostprocessing = 0;
		};
		145C298B28B41FB600A317DC /* Resources */ = {
			isa = PBXResourcesBuildPhase;
			buildActionMask = 2147483647;
			files = (
			);
			runOnlyForDeploymentPostprocessing = 0;
		};
		145C299528B41FB600A317DC /* Resources */ = {
			isa = PBXResourcesBuildPhase;
			buildActionMask = 2147483647;
			files = (
			);
			runOnlyForDeploymentPostprocessing = 0;
		};
/* End PBXResourcesBuildPhase section */

/* Begin PBXShellScriptBuildPhase section */
		562915488F591F83B3D147EC /* [CP] Embed Pods Frameworks */ = {
			isa = PBXShellScriptBuildPhase;
			buildActionMask = 2147483647;
			files = (
			);
			inputFileListPaths = (
				"${PODS_ROOT}/Target Support Files/Pods-Khebra/Pods-Khebra-frameworks-${CONFIGURATION}-input-files.xcfilelist",
			);
			name = "[CP] Embed Pods Frameworks";
			outputFileListPaths = (
				"${PODS_ROOT}/Target Support Files/Pods-Khebra/Pods-Khebra-frameworks-${CONFIGURATION}-output-files.xcfilelist",
			);
			runOnlyForDeploymentPostprocessing = 0;
			shellPath = /bin/sh;
			shellScript = "\"${PODS_ROOT}/Target Support Files/Pods-Khebra/Pods-Khebra-frameworks.sh\"\n";
			showEnvVarsInLog = 0;
		};
		88117FA83FF5528A32125A6A /* [CP] Copy Pods Resources */ = {
			isa = PBXShellScriptBuildPhase;
			buildActionMask = 2147483647;
			files = (
			);
			inputFileListPaths = (
				"${PODS_ROOT}/Target Support Files/Pods-Khebra-KhebraUITests/Pods-Khebra-KhebraUITests-resources-${CONFIGURATION}-input-files.xcfilelist",
			);
			name = "[CP] Copy Pods Resources";
			outputFileListPaths = (
				"${PODS_ROOT}/Target Support Files/Pods-Khebra-KhebraUITests/Pods-Khebra-KhebraUITests-resources-${CONFIGURATION}-output-files.xcfilelist",
			);
			runOnlyForDeploymentPostprocessing = 0;
			shellPath = /bin/sh;
			shellScript = "\"${PODS_ROOT}/Target Support Files/Pods-Khebra-KhebraUITests/Pods-Khebra-KhebraUITests-resources.sh\"\n";
			showEnvVarsInLog = 0;
		};
		9DCD35BCF37C9748BB4FDA7C /* [CP] Check Pods Manifest.lock */ = {
			isa = PBXShellScriptBuildPhase;
			buildActionMask = 2147483647;
			files = (
			);
			inputFileListPaths = (
			);
			inputPaths = (
				"${PODS_PODFILE_DIR_PATH}/Podfile.lock",
				"${PODS_ROOT}/Manifest.lock",
			);
			name = "[CP] Check Pods Manifest.lock";
			outputFileListPaths = (
			);
			outputPaths = (
				"$(DERIVED_FILE_DIR)/Pods-KhebraTests-checkManifestLockResult.txt",
			);
			runOnlyForDeploymentPostprocessing = 0;
			shellPath = /bin/sh;
			shellScript = "diff \"${PODS_PODFILE_DIR_PATH}/Podfile.lock\" \"${PODS_ROOT}/Manifest.lock\" > /dev/null\nif [ $? != 0 ] ; then\n    # print error to STDERR\n    echo \"error: The sandbox is not in sync with the Podfile.lock. Run 'pod install' or update your CocoaPods installation.\" >&2\n    exit 1\nfi\n# This output is used by Xcode 'outputs' to avoid re-running this script phase.\necho \"SUCCESS\" > \"${SCRIPT_OUTPUT_FILE_0}\"\n";
			showEnvVarsInLog = 0;
		};
		A0EF854BE516594A6E5E7777 /* [CP] Embed Pods Frameworks */ = {
			isa = PBXShellScriptBuildPhase;
			buildActionMask = 2147483647;
			files = (
			);
			inputFileListPaths = (
				"${PODS_ROOT}/Target Support Files/Pods-Khebra-KhebraUITests/Pods-Khebra-KhebraUITests-frameworks-${CONFIGURATION}-input-files.xcfilelist",
			);
			name = "[CP] Embed Pods Frameworks";
			outputFileListPaths = (
				"${PODS_ROOT}/Target Support Files/Pods-Khebra-KhebraUITests/Pods-Khebra-KhebraUITests-frameworks-${CONFIGURATION}-output-files.xcfilelist",
			);
			runOnlyForDeploymentPostprocessing = 0;
			shellPath = /bin/sh;
			shellScript = "\"${PODS_ROOT}/Target Support Files/Pods-Khebra-KhebraUITests/Pods-Khebra-KhebraUITests-frameworks.sh\"\n";
			showEnvVarsInLog = 0;
		};
		A2DEEA22DBEC0CDF3DD1428E /* [CP] Check Pods Manifest.lock */ = {
			isa = PBXShellScriptBuildPhase;
			buildActionMask = 2147483647;
			files = (
			);
			inputFileListPaths = (
			);
			inputPaths = (
				"${PODS_PODFILE_DIR_PATH}/Podfile.lock",
				"${PODS_ROOT}/Manifest.lock",
			);
			name = "[CP] Check Pods Manifest.lock";
			outputFileListPaths = (
			);
			outputPaths = (
				"$(DERIVED_FILE_DIR)/Pods-Khebra-checkManifestLockResult.txt",
			);
			runOnlyForDeploymentPostprocessing = 0;
			shellPath = /bin/sh;
			shellScript = "diff \"${PODS_PODFILE_DIR_PATH}/Podfile.lock\" \"${PODS_ROOT}/Manifest.lock\" > /dev/null\nif [ $? != 0 ] ; then\n    # print error to STDERR\n    echo \"error: The sandbox is not in sync with the Podfile.lock. Run 'pod install' or update your CocoaPods installation.\" >&2\n    exit 1\nfi\n# This output is used by Xcode 'outputs' to avoid re-running this script phase.\necho \"SUCCESS\" > \"${SCRIPT_OUTPUT_FILE_0}\"\n";
			showEnvVarsInLog = 0;
		};
		BC1D61AE0A5FEB4E7F8A89CE /* [CP] Check Pods Manifest.lock */ = {
			isa = PBXShellScriptBuildPhase;
			buildActionMask = 2147483647;
			files = (
			);
			inputFileListPaths = (
			);
			inputPaths = (
				"${PODS_PODFILE_DIR_PATH}/Podfile.lock",
				"${PODS_ROOT}/Manifest.lock",
			);
			name = "[CP] Check Pods Manifest.lock";
			outputFileListPaths = (
			);
			outputPaths = (
				"$(DERIVED_FILE_DIR)/Pods-Khebra-KhebraUITests-checkManifestLockResult.txt",
			);
			runOnlyForDeploymentPostprocessing = 0;
			shellPath = /bin/sh;
			shellScript = "diff \"${PODS_PODFILE_DIR_PATH}/Podfile.lock\" \"${PODS_ROOT}/Manifest.lock\" > /dev/null\nif [ $? != 0 ] ; then\n    # print error to STDERR\n    echo \"error: The sandbox is not in sync with the Podfile.lock. Run 'pod install' or update your CocoaPods installation.\" >&2\n    exit 1\nfi\n# This output is used by Xcode 'outputs' to avoid re-running this script phase.\necho \"SUCCESS\" > \"${SCRIPT_OUTPUT_FILE_0}\"\n";
			showEnvVarsInLog = 0;
		};
		C5A59034C938E1F2F46BA288 /* [CP] Copy Pods Resources */ = {
			isa = PBXShellScriptBuildPhase;
			buildActionMask = 2147483647;
			files = (
			);
			inputFileListPaths = (
				"${PODS_ROOT}/Target Support Files/Pods-Khebra/Pods-Khebra-resources-${CONFIGURATION}-input-files.xcfilelist",
			);
			name = "[CP] Copy Pods Resources";
			outputFileListPaths = (
				"${PODS_ROOT}/Target Support Files/Pods-Khebra/Pods-Khebra-resources-${CONFIGURATION}-output-files.xcfilelist",
			);
			runOnlyForDeploymentPostprocessing = 0;
			shellPath = /bin/sh;
			shellScript = "\"${PODS_ROOT}/Target Support Files/Pods-Khebra/Pods-Khebra-resources.sh\"\n";
			showEnvVarsInLog = 0;
		};
/* End PBXShellScriptBuildPhase section */

/* Begin PBXSourcesBuildPhase section */
		145C297928B41FB200A317DC /* Sources */ = {
			isa = PBXSourcesBuildPhase;
			buildActionMask = 2147483647;
			files = (
				143D351A28D5BBA400946FDD /* profileBody.swift in Sources */,
				14AEB9BF28C65756006688BD /* SettingScreen.swift in Sources */,
				14C85D9728BE89010019066A /* DashboardCard.swift in Sources */,
				144635D428C3AE7E00311865 /* ChooseOnMapScreen.swift in Sources */,
				14CEBC4E28BFCBED004A6FF2 /* CustomerReviewCard.swift in Sources */,
				144635CE28C32C7B00311865 /* EngiDesignScreen.swift in Sources */,
				14AEB9C528C72007006688BD /* InvoiceScreen.swift in Sources */,
				144635E028C4795100311865 /* NotificationCrd.swift in Sources */,
				143D351E28D8CCD200946FDD /* ServiceManager.swift in Sources */,
				14D339BE28D0A108006360D9 /* Strings.swift in Sources */,
				14C85D8D28BE44230019066A /* CustomTextField.swift in Sources */,
				143D352B28DE646200946FDD /* OrderLocation.swift in Sources */,
				14D339BC28D07227006360D9 /* customerApi.swift in Sources */,
				144635E928C4957600311865 /* NewOrderDetailScreen.swift in Sources */,
				141B6D1B28C0DE5600EA7479 /* CreateOrder.swift in Sources */,
				143D351C28D841BA00946FDD /* Services.swift in Sources */,
				144635D228C32D0C00311865 /* MaintainanceScreen.swift in Sources */,
				14CEBC5028BFD59A004A6FF2 /* OrderCancelScreen.swift in Sources */,
				144635D028C32CDA00311865 /* EngConstruction.swift in Sources */,
				144635DA28C3D1B200311865 /* TechnicianDashboard.swift in Sources */,
				141A440128BF76B800FA094A /* TechnicianDetail.swift in Sources */,
				18655768292E2728001DC163 /* PaymentClass.swift in Sources */,
				143D352828DE60E900946FDD /* MapViewControllerBridge.swift in Sources */,
				141A43FC28BF475200FA094A /* CompleteOrderScreen.swift in Sources */,
				144635E428C486C500311865 /* OrderDashboardScreen.swift in Sources */,
				144635CC28C26CD800311865 /* BusinessSectorScreen.swift in Sources */,
				14CEBC5328BFE429004A6FF2 /* MoreScreen.swift in Sources */,
				144635E228C4806900311865 /* NotificationScreen.swift in Sources */,
				144635E628C4898300311865 /* TechOrderDetailCard.swift in Sources */,
				141A43FE28BF5CE100FA094A /* TechnicianCard.swift in Sources */,
				145C29B228B4248800A317DC /* SplashScreen.swift in Sources */,
				149033CA28C4F40C00FC0264 /* DeferredOrderScreen.swift in Sources */,
				144635D628C3CADF00311865 /* RegisterPasswordScreen.swift in Sources */,
				143D352D28DE663700946FDD /* LocationService.swift in Sources */,
				141B6D0E28C082E500EA7479 /* ConnectCard.swift in Sources */,
				144635DC28C3D36500311865 /* TechOrderCard.swift in Sources */,
				145C29AF28B4241C00A317DC /* ViewRouter.swift in Sources */,
				149033CE28C4FD0200FC0264 /* InvoiceDetailScreen.swift in Sources */,
				14D339C128D0F3E9006360D9 /* CustomerSignUp.swift in Sources */,
				14AEB9B928C64E6D006688BD /* HowToUseScreen.swift in Sources */,
				141B6D1028C08C9200EA7479 /* UserAgreementScreen.swift in Sources */,
				14D339BA28D0721C006360D9 /* technicianApi.swift in Sources */,
				18E587DB2920D0E3005F43C4 /* LocationScreen.swift in Sources */,
				18833E0B2928C2A100DF41DA /* Offers.swift in Sources */,
				145C298328B41FB200A317DC /* ContentView.swift in Sources */,
				14C85D8628BDF50F0019066A /* TopNavigation.swift in Sources */,
				141B6D1228C08DBF00EA7479 /* AgreementCard.swift in Sources */,
				14C85D9C28BE9E240019066A /* MyOrderCard.swift in Sources */,
				14C85D8328BDF1780019066A /* VerificationScreen.swift in Sources */,
				141B6D1428C08FFD00EA7479 /* Profile.swift in Sources */,
				14AEB9BD28C651F1006688BD /* TechProfileScreen.swift in Sources */,
				18655766292D576B001DC163 /* PaymentScreen.swift in Sources */,
				149033C828C4E31F00FC0264 /* IncomingOrderScreen.swift in Sources */,
				141B6D1928C0A41700EA7479 /* PointCard.swift in Sources */,
				14C85D9228BE46600019066A /* DashboardScreen.swift in Sources */,
				14C85D8928BDF54F0019066A /* AppUtil.swift in Sources */,
				149033D528C50DB300FC0264 /* TechMoreScreen.swift in Sources */,
				145C746228BFF8FA003E7164 /* SocialCard.swift in Sources */,
				144635DE28C3DCCF00311865 /* BottomNavTechnician.swift in Sources */,
				144635EB28C4965D00311865 /* OrderNumCard.swift in Sources */,
				14C85D8128BDF01D0019066A /* SignUpScreen.swift in Sources */,
				14C85D7C28BD622F0019066A /* LoginTextField.swift in Sources */,
				1851139E290D75FD00C7D011 /* OrderClass.swift in Sources */,
				14AEB9C728C8A4FF006688BD /* NewInvoiceScreen.swift in Sources */,
				185113A0290E696E00C7D011 /* TechnicianProfileClass.swift in Sources */,
				14C85D7F28BDE22E0019066A /* CustomButton.swift in Sources */,
				144635C528C25D8400311865 /* OffersCard.swift in Sources */,
				141B6D1628C09A4300EA7479 /* MyPointScreen.swift in Sources */,
				145C746428BFFC28003E7164 /* ShareApp.swift in Sources */,
				143D352028D8D56C00946FDD /* CreateOrderBody.swift in Sources */,
				143D352728DE60E900946FDD /* MapView.swift in Sources */,
				144635C728C266C800311865 /* FavTechnicianCard.swift in Sources */,
				14C85D9428BE5DC60019066A /* BottomNavigation.swift in Sources */,
				14AEB9C128C6839D006688BD /* IncentivePenaltyScreen.swift in Sources */,
				144635C928C2692000311865 /* FavTechnicianScreen.swift in Sources */,
				149033CC28C4F64400FC0264 /* CompletedOrderScreen.swift in Sources */,
				145C746628C0005A003E7164 /* ConnectScreen.swift in Sources */,
				149033D028C4FE2C00FC0264 /* InvoiceTextField.swift in Sources */,
				141B6D1D28C1240E00EA7479 /* Rating.swift in Sources */,
				14DE60F028F2B2BC00313F92 /* ImagePicker.swift in Sources */,
				14C85D9E28BF22250019066A /* TrackingOrderScreen.swift in Sources */,
				149033D728C53D5C00FC0264 /* IncomeScreen.swift in Sources */,
				14AEB9C328C68B24006688BD /* RatingFactorScreen.swift in Sources */,
				14C85D8B28BE42710019066A /* AccountCompletion.swift in Sources */,
				14C85D9A28BE98050019066A /* OrderScreen.swift in Sources */,
				144635C328C25CDD00311865 /* OfferScreen.swift in Sources */,
				141A43FA28BF324600FA094A /* OrderDetailScreen.swift in Sources */,
				143D352928DE60E900946FDD /* MapViewController.swift in Sources */,
				149033C628C4E0B900FC0264 /* OrderButton.swift in Sources */,
				145C298128B41FB200A317DC /* KhebraApp.swift in Sources */,
				14CEBC5528BFE5A7004A6FF2 /* MoreCard.swift in Sources */,
				14C85D7128BD4E8A0019066A /* LoginScreen.swift in Sources */,
			);
			runOnlyForDeploymentPostprocessing = 0;
		};
		145C298928B41FB600A317DC /* Sources */ = {
			isa = PBXSourcesBuildPhase;
			buildActionMask = 2147483647;
			files = (
				145C299228B41FB600A317DC /* KhebraTests.swift in Sources */,
			);
			runOnlyForDeploymentPostprocessing = 0;
		};
		145C299328B41FB600A317DC /* Sources */ = {
			isa = PBXSourcesBuildPhase;
			buildActionMask = 2147483647;
			files = (
				145C299C28B41FB600A317DC /* KhebraUITests.swift in Sources */,
				145C299E28B41FB600A317DC /* KhebraUITestsLaunchTests.swift in Sources */,
			);
			runOnlyForDeploymentPostprocessing = 0;
		};
/* End PBXSourcesBuildPhase section */

/* Begin PBXTargetDependency section */
		145C298F28B41FB600A317DC /* PBXTargetDependency */ = {
			isa = PBXTargetDependency;
			target = 145C297C28B41FB200A317DC /* Khebra */;
			targetProxy = 145C298E28B41FB600A317DC /* PBXContainerItemProxy */;
		};
		145C299928B41FB600A317DC /* PBXTargetDependency */ = {
			isa = PBXTargetDependency;
			target = 145C297C28B41FB200A317DC /* Khebra */;
			targetProxy = 145C299828B41FB600A317DC /* PBXContainerItemProxy */;
		};
/* End PBXTargetDependency section */

/* Begin XCBuildConfiguration section */
		145C299F28B41FB600A317DC /* Debug */ = {
			isa = XCBuildConfiguration;
			buildSettings = {
				ALWAYS_SEARCH_USER_PATHS = NO;
				CLANG_ANALYZER_NONNULL = YES;
				CLANG_ANALYZER_NUMBER_OBJECT_CONVERSION = YES_AGGRESSIVE;
				CLANG_CXX_LANGUAGE_STANDARD = "gnu++17";
				CLANG_CXX_LIBRARY = "libc++";
				CLANG_ENABLE_MODULES = YES;
				CLANG_ENABLE_OBJC_ARC = YES;
				CLANG_ENABLE_OBJC_WEAK = YES;
				CLANG_WARN_BLOCK_CAPTURE_AUTORELEASING = YES;
				CLANG_WARN_BOOL_CONVERSION = YES;
				CLANG_WARN_COMMA = YES;
				CLANG_WARN_CONSTANT_CONVERSION = YES;
				CLANG_WARN_DEPRECATED_OBJC_IMPLEMENTATIONS = YES;
				CLANG_WARN_DIRECT_OBJC_ISA_USAGE = YES_ERROR;
				CLANG_WARN_DOCUMENTATION_COMMENTS = YES;
				CLANG_WARN_EMPTY_BODY = YES;
				CLANG_WARN_ENUM_CONVERSION = YES;
				CLANG_WARN_INFINITE_RECURSION = YES;
				CLANG_WARN_INT_CONVERSION = YES;
				CLANG_WARN_NON_LITERAL_NULL_CONVERSION = YES;
				CLANG_WARN_OBJC_IMPLICIT_RETAIN_SELF = YES;
				CLANG_WARN_OBJC_LITERAL_CONVERSION = YES;
				CLANG_WARN_OBJC_ROOT_CLASS = YES_ERROR;
				CLANG_WARN_QUOTED_INCLUDE_IN_FRAMEWORK_HEADER = YES;
				CLANG_WARN_RANGE_LOOP_ANALYSIS = YES;
				CLANG_WARN_STRICT_PROTOTYPES = YES;
				CLANG_WARN_SUSPICIOUS_MOVE = YES;
				CLANG_WARN_UNGUARDED_AVAILABILITY = YES_AGGRESSIVE;
				CLANG_WARN_UNREACHABLE_CODE = YES;
				CLANG_WARN__DUPLICATE_METHOD_MATCH = YES;
				COPY_PHASE_STRIP = NO;
				DEBUG_INFORMATION_FORMAT = dwarf;
				ENABLE_STRICT_OBJC_MSGSEND = YES;
				ENABLE_TESTABILITY = YES;
				GCC_C_LANGUAGE_STANDARD = gnu11;
				GCC_DYNAMIC_NO_PIC = NO;
				GCC_NO_COMMON_BLOCKS = YES;
				GCC_OPTIMIZATION_LEVEL = 0;
				GCC_PREPROCESSOR_DEFINITIONS = (
					"DEBUG=1",
					"$(inherited)",
				);
				GCC_WARN_64_TO_32_BIT_CONVERSION = YES;
				GCC_WARN_ABOUT_RETURN_TYPE = YES_ERROR;
				GCC_WARN_UNDECLARED_SELECTOR = YES;
				GCC_WARN_UNINITIALIZED_AUTOS = YES_AGGRESSIVE;
				GCC_WARN_UNUSED_FUNCTION = YES;
				GCC_WARN_UNUSED_VARIABLE = YES;
				IPHONEOS_DEPLOYMENT_TARGET = 15.2;
				MTL_ENABLE_DEBUG_INFO = INCLUDE_SOURCE;
				MTL_FAST_MATH = YES;
				ONLY_ACTIVE_ARCH = YES;
				SDKROOT = iphoneos;
				SWIFT_ACTIVE_COMPILATION_CONDITIONS = DEBUG;
				SWIFT_OPTIMIZATION_LEVEL = "-Onone";
			};
			name = Debug;
		};
		145C29A028B41FB600A317DC /* Release */ = {
			isa = XCBuildConfiguration;
			buildSettings = {
				ALWAYS_SEARCH_USER_PATHS = NO;
				CLANG_ANALYZER_NONNULL = YES;
				CLANG_ANALYZER_NUMBER_OBJECT_CONVERSION = YES_AGGRESSIVE;
				CLANG_CXX_LANGUAGE_STANDARD = "gnu++17";
				CLANG_CXX_LIBRARY = "libc++";
				CLANG_ENABLE_MODULES = YES;
				CLANG_ENABLE_OBJC_ARC = YES;
				CLANG_ENABLE_OBJC_WEAK = YES;
				CLANG_WARN_BLOCK_CAPTURE_AUTORELEASING = YES;
				CLANG_WARN_BOOL_CONVERSION = YES;
				CLANG_WARN_COMMA = YES;
				CLANG_WARN_CONSTANT_CONVERSION = YES;
				CLANG_WARN_DEPRECATED_OBJC_IMPLEMENTATIONS = YES;
				CLANG_WARN_DIRECT_OBJC_ISA_USAGE = YES_ERROR;
				CLANG_WARN_DOCUMENTATION_COMMENTS = YES;
				CLANG_WARN_EMPTY_BODY = YES;
				CLANG_WARN_ENUM_CONVERSION = YES;
				CLANG_WARN_INFINITE_RECURSION = YES;
				CLANG_WARN_INT_CONVERSION = YES;
				CLANG_WARN_NON_LITERAL_NULL_CONVERSION = YES;
				CLANG_WARN_OBJC_IMPLICIT_RETAIN_SELF = YES;
				CLANG_WARN_OBJC_LITERAL_CONVERSION = YES;
				CLANG_WARN_OBJC_ROOT_CLASS = YES_ERROR;
				CLANG_WARN_QUOTED_INCLUDE_IN_FRAMEWORK_HEADER = YES;
				CLANG_WARN_RANGE_LOOP_ANALYSIS = YES;
				CLANG_WARN_STRICT_PROTOTYPES = YES;
				CLANG_WARN_SUSPICIOUS_MOVE = YES;
				CLANG_WARN_UNGUARDED_AVAILABILITY = YES_AGGRESSIVE;
				CLANG_WARN_UNREACHABLE_CODE = YES;
				CLANG_WARN__DUPLICATE_METHOD_MATCH = YES;
				COPY_PHASE_STRIP = NO;
				DEBUG_INFORMATION_FORMAT = "dwarf-with-dsym";
				ENABLE_NS_ASSERTIONS = NO;
				ENABLE_STRICT_OBJC_MSGSEND = YES;
				GCC_C_LANGUAGE_STANDARD = gnu11;
				GCC_NO_COMMON_BLOCKS = YES;
				GCC_WARN_64_TO_32_BIT_CONVERSION = YES;
				GCC_WARN_ABOUT_RETURN_TYPE = YES_ERROR;
				GCC_WARN_UNDECLARED_SELECTOR = YES;
				GCC_WARN_UNINITIALIZED_AUTOS = YES_AGGRESSIVE;
				GCC_WARN_UNUSED_FUNCTION = YES;
				GCC_WARN_UNUSED_VARIABLE = YES;
				IPHONEOS_DEPLOYMENT_TARGET = 15.2;
				MTL_ENABLE_DEBUG_INFO = NO;
				MTL_FAST_MATH = YES;
				SDKROOT = iphoneos;
				SWIFT_COMPILATION_MODE = wholemodule;
				SWIFT_OPTIMIZATION_LEVEL = "-O";
				VALIDATE_PRODUCT = YES;
			};
			name = Release;
		};
		145C29A228B41FB600A317DC /* Debug */ = {
			isa = XCBuildConfiguration;
			baseConfigurationReference = 6A7FE865C41861B1C2C06F7B /* Pods-Khebra.debug.xcconfig */;
			buildSettings = {
				ASSETCATALOG_COMPILER_APPICON_NAME = AppIcon;
				ASSETCATALOG_COMPILER_GLOBAL_ACCENT_COLOR_NAME = AccentColor;
				CODE_SIGN_STYLE = Automatic;
				CURRENT_PROJECT_VERSION = 1.4;
				DEVELOPMENT_ASSET_PATHS = "\"Khebra/Preview Content\"";
				DEVELOPMENT_TEAM = 37WPF58MK7;
				ENABLE_PREVIEWS = YES;
				GENERATE_INFOPLIST_FILE = YES;
				INFOPLIST_FILE = Khebra/Info.plist;
				INFOPLIST_KEY_NSLocationWhenInUseUsageDescription = "Using device location to fetch relevant services for you";
				INFOPLIST_KEY_UIApplicationSceneManifest_Generation = YES;
				INFOPLIST_KEY_UIApplicationSupportsIndirectInputEvents = YES;
				INFOPLIST_KEY_UILaunchScreen_Generation = YES;
				INFOPLIST_KEY_UISupportedInterfaceOrientations_iPad = "UIInterfaceOrientationPortrait UIInterfaceOrientationPortraitUpsideDown UIInterfaceOrientationLandscapeLeft UIInterfaceOrientationLandscapeRight";
				INFOPLIST_KEY_UISupportedInterfaceOrientations_iPhone = "UIInterfaceOrientationPortrait UIInterfaceOrientationLandscapeLeft UIInterfaceOrientationLandscapeRight";
				LD_RUNPATH_SEARCH_PATHS = (
					"$(inherited)",
					"@executable_path/Frameworks",
				);
				MARKETING_VERSION = 1.0;
				PRODUCT_BUNDLE_IDENTIFIER = esoltech.Khebra;
				PRODUCT_NAME = "$(TARGET_NAME)";
				SWIFT_EMIT_LOC_STRINGS = YES;
				SWIFT_VERSION = 5.0;
				TARGETED_DEVICE_FAMILY = "1,2";
			};
			name = Debug;
		};
		145C29A328B41FB600A317DC /* Release */ = {
			isa = XCBuildConfiguration;
			baseConfigurationReference = 388A53BE8FC746D8F2D76969 /* Pods-Khebra.release.xcconfig */;
			buildSettings = {
				ASSETCATALOG_COMPILER_APPICON_NAME = AppIcon;
				ASSETCATALOG_COMPILER_GLOBAL_ACCENT_COLOR_NAME = AccentColor;
				CODE_SIGN_STYLE = Automatic;
				CURRENT_PROJECT_VERSION = 1.4;
				DEVELOPMENT_ASSET_PATHS = "\"Khebra/Preview Content\"";
				DEVELOPMENT_TEAM = 37WPF58MK7;
				ENABLE_PREVIEWS = YES;
				GENERATE_INFOPLIST_FILE = YES;
				INFOPLIST_FILE = Khebra/Info.plist;
				INFOPLIST_KEY_NSLocationWhenInUseUsageDescription = "Using device location to fetch relevant services for you";
				INFOPLIST_KEY_UIApplicationSceneManifest_Generation = YES;
				INFOPLIST_KEY_UIApplicationSupportsIndirectInputEvents = YES;
				INFOPLIST_KEY_UILaunchScreen_Generation = YES;
				INFOPLIST_KEY_UISupportedInterfaceOrientations_iPad = "UIInterfaceOrientationPortrait UIInterfaceOrientationPortraitUpsideDown UIInterfaceOrientationLandscapeLeft UIInterfaceOrientationLandscapeRight";
				INFOPLIST_KEY_UISupportedInterfaceOrientations_iPhone = "UIInterfaceOrientationPortrait UIInterfaceOrientationLandscapeLeft UIInterfaceOrientationLandscapeRight";
				LD_RUNPATH_SEARCH_PATHS = (
					"$(inherited)",
					"@executable_path/Frameworks",
				);
				MARKETING_VERSION = 1.0;
				PRODUCT_BUNDLE_IDENTIFIER = esoltech.Khebra;
				PRODUCT_NAME = "$(TARGET_NAME)";
				SWIFT_EMIT_LOC_STRINGS = YES;
				SWIFT_VERSION = 5.0;
				TARGETED_DEVICE_FAMILY = "1,2";
			};
			name = Release;
		};
		145C29A528B41FB600A317DC /* Debug */ = {
			isa = XCBuildConfiguration;
			baseConfigurationReference = 05F958B15321DE55AD4EAFBD /* Pods-KhebraTests.debug.xcconfig */;
			buildSettings = {
				ALWAYS_EMBED_SWIFT_STANDARD_LIBRARIES = YES;
				BUNDLE_LOADER = "$(TEST_HOST)";
				CODE_SIGN_STYLE = Automatic;
				CURRENT_PROJECT_VERSION = 1;
				DEVELOPMENT_TEAM = QZ3C9L496T;
				GENERATE_INFOPLIST_FILE = YES;
				IPHONEOS_DEPLOYMENT_TARGET = 15.2;
				MARKETING_VERSION = 1.0;
				PRODUCT_BUNDLE_IDENTIFIER = sheheryarshah.KhebraTests;
				PRODUCT_NAME = "$(TARGET_NAME)";
				SWIFT_EMIT_LOC_STRINGS = NO;
				SWIFT_VERSION = 5.0;
				TARGETED_DEVICE_FAMILY = "1,2";
				TEST_HOST = "$(BUILT_PRODUCTS_DIR)/Khebra.app/Khebra";
			};
			name = Debug;
		};
		145C29A628B41FB600A317DC /* Release */ = {
			isa = XCBuildConfiguration;
			baseConfigurationReference = 6A930394084559121AD4E299 /* Pods-KhebraTests.release.xcconfig */;
			buildSettings = {
				ALWAYS_EMBED_SWIFT_STANDARD_LIBRARIES = YES;
				BUNDLE_LOADER = "$(TEST_HOST)";
				CODE_SIGN_STYLE = Automatic;
				CURRENT_PROJECT_VERSION = 1;
				DEVELOPMENT_TEAM = QZ3C9L496T;
				GENERATE_INFOPLIST_FILE = YES;
				IPHONEOS_DEPLOYMENT_TARGET = 15.2;
				MARKETING_VERSION = 1.0;
				PRODUCT_BUNDLE_IDENTIFIER = sheheryarshah.KhebraTests;
				PRODUCT_NAME = "$(TARGET_NAME)";
				SWIFT_EMIT_LOC_STRINGS = NO;
				SWIFT_VERSION = 5.0;
				TARGETED_DEVICE_FAMILY = "1,2";
				TEST_HOST = "$(BUILT_PRODUCTS_DIR)/Khebra.app/Khebra";
			};
			name = Release;
		};
		145C29A828B41FB600A317DC /* Debug */ = {
			isa = XCBuildConfiguration;
			baseConfigurationReference = 1BAF8ABD7BD25686ABB95552 /* Pods-Khebra-KhebraUITests.debug.xcconfig */;
			buildSettings = {
				ALWAYS_EMBED_SWIFT_STANDARD_LIBRARIES = YES;
				CODE_SIGN_STYLE = Automatic;
				CURRENT_PROJECT_VERSION = 1;
				DEVELOPMENT_TEAM = QZ3C9L496T;
				GENERATE_INFOPLIST_FILE = YES;
				MARKETING_VERSION = 1.0;
				PRODUCT_BUNDLE_IDENTIFIER = sheheryarshah.KhebraUITests;
				PRODUCT_NAME = "$(TARGET_NAME)";
				SWIFT_EMIT_LOC_STRINGS = NO;
				SWIFT_VERSION = 5.0;
				TARGETED_DEVICE_FAMILY = "1,2";
				TEST_TARGET_NAME = Khebra;
			};
			name = Debug;
		};
		145C29A928B41FB600A317DC /* Release */ = {
			isa = XCBuildConfiguration;
			baseConfigurationReference = 373F5C19113DE477A12C1307 /* Pods-Khebra-KhebraUITests.release.xcconfig */;
			buildSettings = {
				ALWAYS_EMBED_SWIFT_STANDARD_LIBRARIES = YES;
				CODE_SIGN_STYLE = Automatic;
				CURRENT_PROJECT_VERSION = 1;
				DEVELOPMENT_TEAM = QZ3C9L496T;
				GENERATE_INFOPLIST_FILE = YES;
				MARKETING_VERSION = 1.0;
				PRODUCT_BUNDLE_IDENTIFIER = sheheryarshah.KhebraUITests;
				PRODUCT_NAME = "$(TARGET_NAME)";
				SWIFT_EMIT_LOC_STRINGS = NO;
				SWIFT_VERSION = 5.0;
				TARGETED_DEVICE_FAMILY = "1,2";
				TEST_TARGET_NAME = Khebra;
			};
			name = Release;
		};
/* End XCBuildConfiguration section */

/* Begin XCConfigurationList section */
		145C297828B41FB200A317DC /* Build configuration list for PBXProject "Khebra" */ = {
			isa = XCConfigurationList;
			buildConfigurations = (
				145C299F28B41FB600A317DC /* Debug */,
				145C29A028B41FB600A317DC /* Release */,
			);
			defaultConfigurationIsVisible = 0;
			defaultConfigurationName = Release;
		};
		145C29A128B41FB600A317DC /* Build configuration list for PBXNativeTarget "Khebra" */ = {
			isa = XCConfigurationList;
			buildConfigurations = (
				145C29A228B41FB600A317DC /* Debug */,
				145C29A328B41FB600A317DC /* Release */,
			);
			defaultConfigurationIsVisible = 0;
			defaultConfigurationName = Release;
		};
		145C29A428B41FB600A317DC /* Build configuration list for PBXNativeTarget "KhebraTests" */ = {
			isa = XCConfigurationList;
			buildConfigurations = (
				145C29A528B41FB600A317DC /* Debug */,
				145C29A628B41FB600A317DC /* Release */,
			);
			defaultConfigurationIsVisible = 0;
			defaultConfigurationName = Release;
		};
		145C29A728B41FB600A317DC /* Build configuration list for PBXNativeTarget "KhebraUITests" */ = {
			isa = XCConfigurationList;
			buildConfigurations = (
				145C29A828B41FB600A317DC /* Debug */,
				145C29A928B41FB600A317DC /* Release */,
			);
			defaultConfigurationIsVisible = 0;
			defaultConfigurationName = Release;
		};
/* End XCConfigurationList section */
	};
	rootObject = 145C297528B41FB200A317DC /* Project object */;
}
